// !$*UTF8*$!
{
	archiveVersion = 1;
	classes = {
	};
	objectVersion = 56;
	objects = {

/* Begin PBXBuildFile section */
		1C8B100C2C4FD59900DF6C75 /* AppDelegate.swift in Sources */ = {isa = PBXBuildFile; fileRef = 1C8B100B2C4FD59900DF6C75 /* AppDelegate.swift */; };
		1C8B100E2C4FD59900DF6C75 /* SceneDelegate.swift in Sources */ = {isa = PBXBuildFile; fileRef = 1C8B100D2C4FD59900DF6C75 /* SceneDelegate.swift */; };
		1C8B10102C4FD59900DF6C75 /* ViewController.swift in Sources */ = {isa = PBXBuildFile; fileRef = 1C8B100F2C4FD59900DF6C75 /* ViewController.swift */; };
		1C8B10132C4FD59900DF6C75 /* Main.storyboard in Resources */ = {isa = PBXBuildFile; fileRef = 1C8B10112C4FD59900DF6C75 /* Main.storyboard */; };
		1C8B10152C4FD59B00DF6C75 /* Assets.xcassets in Resources */ = {isa = PBXBuildFile; fileRef = 1C8B10142C4FD59B00DF6C75 /* Assets.xcassets */; };
		1C8B10182C4FD59B00DF6C75 /* LaunchScreen.storyboard in Resources */ = {isa = PBXBuildFile; fileRef = 1C8B10162C4FD59B00DF6C75 /* LaunchScreen.storyboard */; };
		1C8B10232C4FD59B00DF6C75 /* appTests.swift in Sources */ = {isa = PBXBuildFile; fileRef = 1C8B10222C4FD59B00DF6C75 /* appTests.swift */; };
		1C8B102D2C4FD59B00DF6C75 /* appUITests.swift in Sources */ = {isa = PBXBuildFile; fileRef = 1C8B102C2C4FD59B00DF6C75 /* appUITests.swift */; };
		1C8B102F2C4FD59B00DF6C75 /* appUITestsLaunchTests.swift in Sources */ = {isa = PBXBuildFile; fileRef = 1C8B102E2C4FD59B00DF6C75 /* appUITestsLaunchTests.swift */; };
		1C8B105C2C4FEBD700DF6C75 /* GoogleService-Info.plist in Resources */ = {isa = PBXBuildFile; fileRef = 1C8B105B2C4FEBD600DF6C75 /* GoogleService-Info.plist */; };
		224339F70081806FE7CA8859 /* Pods_app_appUITests.framework in Frameworks */ = {isa = PBXBuildFile; fileRef = A051C8F5DFB5E90FC44D8206 /* Pods_app_appUITests.framework */; };
		8C8B623251173F23E0A3ABE9 /* Pods_app.framework in Frameworks */ = {isa = PBXBuildFile; fileRef = CEB6638933C000588C1574F1 /* Pods_app.framework */; };
		B60C8B90A8DA67B2A9F5B119 /* Pods_appTests.framework in Frameworks */ = {isa = PBXBuildFile; fileRef = BA54A64C60FB4989E6315C04 /* Pods_appTests.framework */; };
		DE32AA7B2C6471720098ED99 /* Configs.swift in Sources */ = {isa = PBXBuildFile; fileRef = DE32AA7A2C6471720098ED99 /* Configs.swift */; };
		DE32AA852C6482240098ED99 /* PostAPI.swift in Sources */ = {isa = PBXBuildFile; fileRef = DE32AA842C6482240098ED99 /* PostAPI.swift */; };
		DE96F46C2C64BC6C004C6280 /* Logger.swift in Sources */ = {isa = PBXBuildFile; fileRef = DE96F46B2C64BC6C004C6280 /* Logger.swift */; };
/* End PBXBuildFile section */

/* Begin PBXContainerItemProxy section */
		1C8B101F2C4FD59B00DF6C75 /* PBXContainerItemProxy */ = {
			isa = PBXContainerItemProxy;
			containerPortal = 1C8B10002C4FD59900DF6C75 /* Project object */;
			proxyType = 1;
			remoteGlobalIDString = 1C8B10072C4FD59900DF6C75;
			remoteInfo = app;
		};
		1C8B10292C4FD59B00DF6C75 /* PBXContainerItemProxy */ = {
			isa = PBXContainerItemProxy;
			containerPortal = 1C8B10002C4FD59900DF6C75 /* Project object */;
			proxyType = 1;
			remoteGlobalIDString = 1C8B10072C4FD59900DF6C75;
			remoteInfo = app;
		};
/* End PBXContainerItemProxy section */

/* Begin PBXFileReference section */
		1C18C0A4162ACA60F0651DE1 /* Pods-app.dev-debug.xcconfig */ = {isa = PBXFileReference; includeInIndex = 1; lastKnownFileType = text.xcconfig; name = "Pods-app.dev-debug.xcconfig"; path = "Target Support Files/Pods-app/Pods-app.dev-debug.xcconfig"; sourceTree = "<group>"; };
		1C8B10082C4FD59900DF6C75 /* App.app */ = {isa = PBXFileReference; explicitFileType = wrapper.application; includeInIndex = 0; path = App.app; sourceTree = BUILT_PRODUCTS_DIR; };
		1C8B100B2C4FD59900DF6C75 /* AppDelegate.swift */ = {isa = PBXFileReference; lastKnownFileType = sourcecode.swift; path = AppDelegate.swift; sourceTree = "<group>"; };
		1C8B100D2C4FD59900DF6C75 /* SceneDelegate.swift */ = {isa = PBXFileReference; lastKnownFileType = sourcecode.swift; path = SceneDelegate.swift; sourceTree = "<group>"; };
		1C8B100F2C4FD59900DF6C75 /* ViewController.swift */ = {isa = PBXFileReference; lastKnownFileType = sourcecode.swift; path = ViewController.swift; sourceTree = "<group>"; };
		1C8B10122C4FD59900DF6C75 /* Base */ = {isa = PBXFileReference; lastKnownFileType = file.storyboard; name = Base; path = Base.lproj/Main.storyboard; sourceTree = "<group>"; };
		1C8B10142C4FD59B00DF6C75 /* Assets.xcassets */ = {isa = PBXFileReference; lastKnownFileType = folder.assetcatalog; path = Assets.xcassets; sourceTree = "<group>"; };
		1C8B10172C4FD59B00DF6C75 /* Base */ = {isa = PBXFileReference; lastKnownFileType = file.storyboard; name = Base; path = Base.lproj/LaunchScreen.storyboard; sourceTree = "<group>"; };
		1C8B10192C4FD59B00DF6C75 /* Info.plist */ = {isa = PBXFileReference; lastKnownFileType = text.plist.xml; path = Info.plist; sourceTree = "<group>"; };
		1C8B101E2C4FD59B00DF6C75 /* appTests.xctest */ = {isa = PBXFileReference; explicitFileType = wrapper.cfbundle; includeInIndex = 0; path = appTests.xctest; sourceTree = BUILT_PRODUCTS_DIR; };
		1C8B10222C4FD59B00DF6C75 /* appTests.swift */ = {isa = PBXFileReference; lastKnownFileType = sourcecode.swift; path = appTests.swift; sourceTree = "<group>"; };
		1C8B10282C4FD59B00DF6C75 /* appUITests.xctest */ = {isa = PBXFileReference; explicitFileType = wrapper.cfbundle; includeInIndex = 0; path = appUITests.xctest; sourceTree = BUILT_PRODUCTS_DIR; };
		1C8B102C2C4FD59B00DF6C75 /* appUITests.swift */ = {isa = PBXFileReference; lastKnownFileType = sourcecode.swift; path = appUITests.swift; sourceTree = "<group>"; };
		1C8B102E2C4FD59B00DF6C75 /* appUITestsLaunchTests.swift */ = {isa = PBXFileReference; lastKnownFileType = sourcecode.swift; path = appUITestsLaunchTests.swift; sourceTree = "<group>"; };
		1C8B10542C4FE14300DF6C75 /* Dev.xcconfig */ = {isa = PBXFileReference; lastKnownFileType = text.xcconfig; path = Dev.xcconfig; sourceTree = "<group>"; };
		1C8B10552C4FE1BF00DF6C75 /* Staging.xcconfig */ = {isa = PBXFileReference; lastKnownFileType = text.xcconfig; path = Staging.xcconfig; sourceTree = "<group>"; };
		1C8B10562C4FE1E300DF6C75 /* Product.xcconfig */ = {isa = PBXFileReference; lastKnownFileType = text.xcconfig; path = Product.xcconfig; sourceTree = "<group>"; };
		1C8B105B2C4FEBD600DF6C75 /* GoogleService-Info.plist */ = {isa = PBXFileReference; fileEncoding = 4; lastKnownFileType = text.plist.xml; path = "GoogleService-Info.plist"; sourceTree = "<group>"; };
		303DBEB141B7F0BF0F5B39EF /* Pods-app-appUITests.stg-release.xcconfig */ = {isa = PBXFileReference; includeInIndex = 1; lastKnownFileType = text.xcconfig; name = "Pods-app-appUITests.stg-release.xcconfig"; path = "Target Support Files/Pods-app-appUITests/Pods-app-appUITests.stg-release.xcconfig"; sourceTree = "<group>"; };
		33781C05FC5BF3D0262D7393 /* Pods-app-appUITests.dev-debug.xcconfig */ = {isa = PBXFileReference; includeInIndex = 1; lastKnownFileType = text.xcconfig; name = "Pods-app-appUITests.dev-debug.xcconfig"; path = "Target Support Files/Pods-app-appUITests/Pods-app-appUITests.dev-debug.xcconfig"; sourceTree = "<group>"; };
		3AA7817BC548913F46EAE437 /* Pods-app.stg-debug.xcconfig */ = {isa = PBXFileReference; includeInIndex = 1; lastKnownFileType = text.xcconfig; name = "Pods-app.stg-debug.xcconfig"; path = "Target Support Files/Pods-app/Pods-app.stg-debug.xcconfig"; sourceTree = "<group>"; };
		42494CD283A31229FBCE5A8E /* Pods-appTests.dev-release.xcconfig */ = {isa = PBXFileReference; includeInIndex = 1; lastKnownFileType = text.xcconfig; name = "Pods-appTests.dev-release.xcconfig"; path = "Target Support Files/Pods-appTests/Pods-appTests.dev-release.xcconfig"; sourceTree = "<group>"; };
		471F2FE3301EC67714BFD7EA /* Pods-appTests.debug.xcconfig */ = {isa = PBXFileReference; includeInIndex = 1; lastKnownFileType = text.xcconfig; name = "Pods-appTests.debug.xcconfig"; path = "Target Support Files/Pods-appTests/Pods-appTests.debug.xcconfig"; sourceTree = "<group>"; };
		58B20E88822D745F11CC25A1 /* Pods-app-appUITests.debug.xcconfig */ = {isa = PBXFileReference; includeInIndex = 1; lastKnownFileType = text.xcconfig; name = "Pods-app-appUITests.debug.xcconfig"; path = "Target Support Files/Pods-app-appUITests/Pods-app-appUITests.debug.xcconfig"; sourceTree = "<group>"; };
		76DE25F20C9E72DE1A48AA63 /* Pods-app-appUITests.release.xcconfig */ = {isa = PBXFileReference; includeInIndex = 1; lastKnownFileType = text.xcconfig; name = "Pods-app-appUITests.release.xcconfig"; path = "Target Support Files/Pods-app-appUITests/Pods-app-appUITests.release.xcconfig"; sourceTree = "<group>"; };
		7BD5AB6EA83A5B6333712152 /* Pods-app-appUITests.stg-debug.xcconfig */ = {isa = PBXFileReference; includeInIndex = 1; lastKnownFileType = text.xcconfig; name = "Pods-app-appUITests.stg-debug.xcconfig"; path = "Target Support Files/Pods-app-appUITests/Pods-app-appUITests.stg-debug.xcconfig"; sourceTree = "<group>"; };
		8935383D024D885265B03D4E /* Pods-app.release.xcconfig */ = {isa = PBXFileReference; includeInIndex = 1; lastKnownFileType = text.xcconfig; name = "Pods-app.release.xcconfig"; path = "Target Support Files/Pods-app/Pods-app.release.xcconfig"; sourceTree = "<group>"; };
		8AB0C9BDEF3A0DE3147D4183 /* Pods-appTests.stg-release.xcconfig */ = {isa = PBXFileReference; includeInIndex = 1; lastKnownFileType = text.xcconfig; name = "Pods-appTests.stg-release.xcconfig"; path = "Target Support Files/Pods-appTests/Pods-appTests.stg-release.xcconfig"; sourceTree = "<group>"; };
		8FB8F85E789280066586FB35 /* Pods-appTests.release.xcconfig */ = {isa = PBXFileReference; includeInIndex = 1; lastKnownFileType = text.xcconfig; name = "Pods-appTests.release.xcconfig"; path = "Target Support Files/Pods-appTests/Pods-appTests.release.xcconfig"; sourceTree = "<group>"; };
		A051C8F5DFB5E90FC44D8206 /* Pods_app_appUITests.framework */ = {isa = PBXFileReference; explicitFileType = wrapper.framework; includeInIndex = 0; path = Pods_app_appUITests.framework; sourceTree = BUILT_PRODUCTS_DIR; };
		A58F734541367811B3446FC5 /* Pods-app.dev-release.xcconfig */ = {isa = PBXFileReference; includeInIndex = 1; lastKnownFileType = text.xcconfig; name = "Pods-app.dev-release.xcconfig"; path = "Target Support Files/Pods-app/Pods-app.dev-release.xcconfig"; sourceTree = "<group>"; };
		B2E25B80EC393E55800A77A9 /* Pods-appTests.stg-debug.xcconfig */ = {isa = PBXFileReference; includeInIndex = 1; lastKnownFileType = text.xcconfig; name = "Pods-appTests.stg-debug.xcconfig"; path = "Target Support Files/Pods-appTests/Pods-appTests.stg-debug.xcconfig"; sourceTree = "<group>"; };
		BA54A64C60FB4989E6315C04 /* Pods_appTests.framework */ = {isa = PBXFileReference; explicitFileType = wrapper.framework; includeInIndex = 0; path = Pods_appTests.framework; sourceTree = BUILT_PRODUCTS_DIR; };
		C21F745C5B256B272662416F /* Pods-app.debug.xcconfig */ = {isa = PBXFileReference; includeInIndex = 1; lastKnownFileType = text.xcconfig; name = "Pods-app.debug.xcconfig"; path = "Target Support Files/Pods-app/Pods-app.debug.xcconfig"; sourceTree = "<group>"; };
		C3952D3D9734E23EA8246C64 /* Pods-app-appUITests.dev-release.xcconfig */ = {isa = PBXFileReference; includeInIndex = 1; lastKnownFileType = text.xcconfig; name = "Pods-app-appUITests.dev-release.xcconfig"; path = "Target Support Files/Pods-app-appUITests/Pods-app-appUITests.dev-release.xcconfig"; sourceTree = "<group>"; };
		CEB6638933C000588C1574F1 /* Pods_app.framework */ = {isa = PBXFileReference; explicitFileType = wrapper.framework; includeInIndex = 0; path = Pods_app.framework; sourceTree = BUILT_PRODUCTS_DIR; };
		D0249F1C9262B85352487B35 /* Pods-app.stg-release.xcconfig */ = {isa = PBXFileReference; includeInIndex = 1; lastKnownFileType = text.xcconfig; name = "Pods-app.stg-release.xcconfig"; path = "Target Support Files/Pods-app/Pods-app.stg-release.xcconfig"; sourceTree = "<group>"; };
		D5CE118708ABD7D13EA5F5BE /* Pods-appTests.dev-debug.xcconfig */ = {isa = PBXFileReference; includeInIndex = 1; lastKnownFileType = text.xcconfig; name = "Pods-appTests.dev-debug.xcconfig"; path = "Target Support Files/Pods-appTests/Pods-appTests.dev-debug.xcconfig"; sourceTree = "<group>"; };
		DE32AA7A2C6471720098ED99 /* Configs.swift */ = {isa = PBXFileReference; lastKnownFileType = sourcecode.swift; path = Configs.swift; sourceTree = "<group>"; };
		DE32AA842C6482240098ED99 /* PostAPI.swift */ = {isa = PBXFileReference; lastKnownFileType = sourcecode.swift; path = PostAPI.swift; sourceTree = "<group>"; };
		DE96F46B2C64BC6C004C6280 /* Logger.swift */ = {isa = PBXFileReference; lastKnownFileType = sourcecode.swift; path = Logger.swift; sourceTree = "<group>"; };
/* End PBXFileReference section */

/* Begin PBXFrameworksBuildPhase section */
		1C8B10052C4FD59900DF6C75 /* Frameworks */ = {
			isa = PBXFrameworksBuildPhase;
			buildActionMask = 2147483647;
			files = (
				8C8B623251173F23E0A3ABE9 /* Pods_app.framework in Frameworks */,
			);
			runOnlyForDeploymentPostprocessing = 0;
		};
		1C8B101B2C4FD59B00DF6C75 /* Frameworks */ = {
			isa = PBXFrameworksBuildPhase;
			buildActionMask = 2147483647;
			files = (
				B60C8B90A8DA67B2A9F5B119 /* Pods_appTests.framework in Frameworks */,
			);
			runOnlyForDeploymentPostprocessing = 0;
		};
		1C8B10252C4FD59B00DF6C75 /* Frameworks */ = {
			isa = PBXFrameworksBuildPhase;
			buildActionMask = 2147483647;
			files = (
				224339F70081806FE7CA8859 /* Pods_app_appUITests.framework in Frameworks */,
			);
			runOnlyForDeploymentPostprocessing = 0;
		};
/* End PBXFrameworksBuildPhase section */

/* Begin PBXGroup section */
		1C8B0FFF2C4FD59900DF6C75 = {
			isa = PBXGroup;
			children = (
				1C8B100A2C4FD59900DF6C75 /* app */,
				1C8B10212C4FD59B00DF6C75 /* appTests */,
				1C8B102B2C4FD59B00DF6C75 /* appUITests */,
				1C8B10092C4FD59900DF6C75 /* Products */,
				E03F8F4E884DE5C09D695C74 /* Pods */,
				F0BEBB2A453F717088BBE6F6 /* Frameworks */,
			);
			sourceTree = "<group>";
		};
		1C8B10092C4FD59900DF6C75 /* Products */ = {
			isa = PBXGroup;
			children = (
				1C8B10082C4FD59900DF6C75 /* App.app */,
				1C8B101E2C4FD59B00DF6C75 /* appTests.xctest */,
				1C8B10282C4FD59B00DF6C75 /* appUITests.xctest */,
			);
			name = Products;
			sourceTree = "<group>";
		};
		1C8B100A2C4FD59900DF6C75 /* app */ = {
			isa = PBXGroup;
			children = (
				DE32AA7C2C6476F90098ED99 /* Application */,
				DE96F46A2C64BC3B004C6280 /* Logging */,
				1C8B10532C4FE12400DF6C75 /* Config */,
				DE32AA7F2C647D8F0098ED99 /* Data */,
				DE32AA812C647DBD0098ED99 /* Presentation */,
				1C8B10112C4FD59900DF6C75 /* Main.storyboard */,
				1C8B103D2C4FD6BA00DF6C75 /* Resources */,
			);
			path = app;
			sourceTree = "<group>";
		};
		1C8B10212C4FD59B00DF6C75 /* appTests */ = {
			isa = PBXGroup;
			children = (
				1C8B10222C4FD59B00DF6C75 /* appTests.swift */,
			);
			path = appTests;
			sourceTree = "<group>";
		};
		1C8B102B2C4FD59B00DF6C75 /* appUITests */ = {
			isa = PBXGroup;
			children = (
				1C8B102C2C4FD59B00DF6C75 /* appUITests.swift */,
				1C8B102E2C4FD59B00DF6C75 /* appUITestsLaunchTests.swift */,
			);
			path = appUITests;
			sourceTree = "<group>";
		};
		1C8B103D2C4FD6BA00DF6C75 /* Resources */ = {
			isa = PBXGroup;
			children = (
				1C8B10162C4FD59B00DF6C75 /* LaunchScreen.storyboard */,
				1C8B10142C4FD59B00DF6C75 /* Assets.xcassets */,
				1C8B105B2C4FEBD600DF6C75 /* GoogleService-Info.plist */,
				1C8B10192C4FD59B00DF6C75 /* Info.plist */,
			);
			path = Resources;
			sourceTree = "<group>";
		};
		1C8B10532C4FE12400DF6C75 /* Config */ = {
			isa = PBXGroup;
			children = (
				1C8B10542C4FE14300DF6C75 /* Dev.xcconfig */,
				1C8B10552C4FE1BF00DF6C75 /* Staging.xcconfig */,
				1C8B10562C4FE1E300DF6C75 /* Product.xcconfig */,
				DE32AA7A2C6471720098ED99 /* Configs.swift */,
			);
			path = Config;
			sourceTree = "<group>";
		};
		DE32AA7C2C6476F90098ED99 /* Application */ = {
			isa = PBXGroup;
			children = (
				1C8B100D2C4FD59900DF6C75 /* SceneDelegate.swift */,
				1C8B100B2C4FD59900DF6C75 /* AppDelegate.swift */,
			);
			path = Application;
			sourceTree = "<group>";
		};
		DE32AA7F2C647D8F0098ED99 /* Data */ = {
			isa = PBXGroup;
			children = (
				DE32AA802C647D9B0098ED99 /* Networking */,
			);
			path = Data;
			sourceTree = "<group>";
		};
		DE32AA802C647D9B0098ED99 /* Networking */ = {
			isa = PBXGroup;
			children = (
				DE32AA842C6482240098ED99 /* PostAPI.swift */,
			);
			path = Networking;
			sourceTree = "<group>";
		};
		DE32AA812C647DBD0098ED99 /* Presentation */ = {
			isa = PBXGroup;
			children = (
				DE32AA832C647DEB0098ED99 /* Common */,
				DE32AA822C647DDC0098ED99 /* Screens */,
			);
			path = Presentation;
			sourceTree = "<group>";
		};
		DE32AA822C647DDC0098ED99 /* Screens */ = {
			isa = PBXGroup;
			children = (
				1C8B100F2C4FD59900DF6C75 /* ViewController.swift */,
			);
			path = Screens;
			sourceTree = "<group>";
		};
		DE32AA832C647DEB0098ED99 /* Common */ = {
			isa = PBXGroup;
			children = (
			);
			path = Common;
			sourceTree = "<group>";
		};
		DE96F46A2C64BC3B004C6280 /* Logging */ = {
			isa = PBXGroup;
			children = (
				DE96F46B2C64BC6C004C6280 /* Logger.swift */,
			);
			path = Logging;
			sourceTree = "<group>";
		};
		E03F8F4E884DE5C09D695C74 /* Pods */ = {
			isa = PBXGroup;
			children = (
				C21F745C5B256B272662416F /* Pods-app.debug.xcconfig */,
				3AA7817BC548913F46EAE437 /* Pods-app.stg-debug.xcconfig */,
				1C18C0A4162ACA60F0651DE1 /* Pods-app.dev-debug.xcconfig */,
				8935383D024D885265B03D4E /* Pods-app.release.xcconfig */,
				A58F734541367811B3446FC5 /* Pods-app.dev-release.xcconfig */,
				D0249F1C9262B85352487B35 /* Pods-app.stg-release.xcconfig */,
				58B20E88822D745F11CC25A1 /* Pods-app-appUITests.debug.xcconfig */,
				7BD5AB6EA83A5B6333712152 /* Pods-app-appUITests.stg-debug.xcconfig */,
				33781C05FC5BF3D0262D7393 /* Pods-app-appUITests.dev-debug.xcconfig */,
				76DE25F20C9E72DE1A48AA63 /* Pods-app-appUITests.release.xcconfig */,
				C3952D3D9734E23EA8246C64 /* Pods-app-appUITests.dev-release.xcconfig */,
				303DBEB141B7F0BF0F5B39EF /* Pods-app-appUITests.stg-release.xcconfig */,
				471F2FE3301EC67714BFD7EA /* Pods-appTests.debug.xcconfig */,
				B2E25B80EC393E55800A77A9 /* Pods-appTests.stg-debug.xcconfig */,
				D5CE118708ABD7D13EA5F5BE /* Pods-appTests.dev-debug.xcconfig */,
				8FB8F85E789280066586FB35 /* Pods-appTests.release.xcconfig */,
				42494CD283A31229FBCE5A8E /* Pods-appTests.dev-release.xcconfig */,
				8AB0C9BDEF3A0DE3147D4183 /* Pods-appTests.stg-release.xcconfig */,
			);
			path = Pods;
			sourceTree = "<group>";
		};
		F0BEBB2A453F717088BBE6F6 /* Frameworks */ = {
			isa = PBXGroup;
			children = (
				CEB6638933C000588C1574F1 /* Pods_app.framework */,
				A051C8F5DFB5E90FC44D8206 /* Pods_app_appUITests.framework */,
				BA54A64C60FB4989E6315C04 /* Pods_appTests.framework */,
			);
			name = Frameworks;
			sourceTree = "<group>";
		};
/* End PBXGroup section */

/* Begin PBXNativeTarget section */
		1C8B10072C4FD59900DF6C75 /* app */ = {
			isa = PBXNativeTarget;
			buildConfigurationList = 1C8B10322C4FD59B00DF6C75 /* Build configuration list for PBXNativeTarget "app" */;
			buildPhases = (
				CF2E8942159A2093D7B0C7BF /* [CP] Check Pods Manifest.lock */,
				1C8B10042C4FD59900DF6C75 /* Sources */,
				1C8B10052C4FD59900DF6C75 /* Frameworks */,
				1C8B10062C4FD59900DF6C75 /* Resources */,
				1C8B10602C4FF4C300DF6C75 /* ShellScript */,
				65F362A7E9E5353B7CDD7D6F /* [CP] Embed Pods Frameworks */,
			);
			buildRules = (
			);
			dependencies = (
			);
			name = app;
			productName = app;
			productReference = 1C8B10082C4FD59900DF6C75 /* App.app */;
			productType = "com.apple.product-type.application";
		};
		1C8B101D2C4FD59B00DF6C75 /* appTests */ = {
			isa = PBXNativeTarget;
			buildConfigurationList = 1C8B10352C4FD59B00DF6C75 /* Build configuration list for PBXNativeTarget "appTests" */;
			buildPhases = (
				48781A31CB8CD1443F214A4B /* [CP] Check Pods Manifest.lock */,
				1C8B101A2C4FD59B00DF6C75 /* Sources */,
				1C8B101B2C4FD59B00DF6C75 /* Frameworks */,
				1C8B101C2C4FD59B00DF6C75 /* Resources */,
			);
			buildRules = (
			);
			dependencies = (
				1C8B10202C4FD59B00DF6C75 /* PBXTargetDependency */,
			);
			name = appTests;
			productName = appTests;
			productReference = 1C8B101E2C4FD59B00DF6C75 /* appTests.xctest */;
			productType = "com.apple.product-type.bundle.unit-test";
		};
		1C8B10272C4FD59B00DF6C75 /* appUITests */ = {
			isa = PBXNativeTarget;
			buildConfigurationList = 1C8B10382C4FD59B00DF6C75 /* Build configuration list for PBXNativeTarget "appUITests" */;
			buildPhases = (
				FFCDC4DA4A383794199FE6F1 /* [CP] Check Pods Manifest.lock */,
				1C8B10242C4FD59B00DF6C75 /* Sources */,
				1C8B10252C4FD59B00DF6C75 /* Frameworks */,
				1C8B10262C4FD59B00DF6C75 /* Resources */,
				9201D5116305BAF4557D8962 /* [CP] Embed Pods Frameworks */,
			);
			buildRules = (
			);
			dependencies = (
				1C8B102A2C4FD59B00DF6C75 /* PBXTargetDependency */,
			);
			name = appUITests;
			productName = appUITests;
			productReference = 1C8B10282C4FD59B00DF6C75 /* appUITests.xctest */;
			productType = "com.apple.product-type.bundle.ui-testing";
		};
/* End PBXNativeTarget section */

/* Begin PBXProject section */
		1C8B10002C4FD59900DF6C75 /* Project object */ = {
			isa = PBXProject;
			attributes = {
				BuildIndependentTargetsInParallel = 1;
				LastSwiftUpdateCheck = 1500;
				LastUpgradeCheck = 1500;
				TargetAttributes = {
					1C8B10072C4FD59900DF6C75 = {
						CreatedOnToolsVersion = 15.0;
					};
					1C8B101D2C4FD59B00DF6C75 = {
						CreatedOnToolsVersion = 15.0;
						TestTargetID = 1C8B10072C4FD59900DF6C75;
					};
					1C8B10272C4FD59B00DF6C75 = {
						CreatedOnToolsVersion = 15.0;
						TestTargetID = 1C8B10072C4FD59900DF6C75;
					};
				};
			};
			buildConfigurationList = 1C8B10032C4FD59900DF6C75 /* Build configuration list for PBXProject "app" */;
			compatibilityVersion = "Xcode 14.0";
			developmentRegion = en;
			hasScannedForEncodings = 0;
			knownRegions = (
				en,
				Base,
			);
			mainGroup = 1C8B0FFF2C4FD59900DF6C75;
			productRefGroup = 1C8B10092C4FD59900DF6C75 /* Products */;
			projectDirPath = "";
			projectRoot = "";
			targets = (
				1C8B10072C4FD59900DF6C75 /* app */,
				1C8B101D2C4FD59B00DF6C75 /* appTests */,
				1C8B10272C4FD59B00DF6C75 /* appUITests */,
			);
		};
/* End PBXProject section */

/* Begin PBXResourcesBuildPhase section */
		1C8B10062C4FD59900DF6C75 /* Resources */ = {
			isa = PBXResourcesBuildPhase;
			buildActionMask = 2147483647;
			files = (
				1C8B10182C4FD59B00DF6C75 /* LaunchScreen.storyboard in Resources */,
				1C8B105C2C4FEBD700DF6C75 /* GoogleService-Info.plist in Resources */,
				1C8B10152C4FD59B00DF6C75 /* Assets.xcassets in Resources */,
				1C8B10132C4FD59900DF6C75 /* Main.storyboard in Resources */,
			);
			runOnlyForDeploymentPostprocessing = 0;
		};
		1C8B101C2C4FD59B00DF6C75 /* Resources */ = {
			isa = PBXResourcesBuildPhase;
			buildActionMask = 2147483647;
			files = (
			);
			runOnlyForDeploymentPostprocessing = 0;
		};
		1C8B10262C4FD59B00DF6C75 /* Resources */ = {
			isa = PBXResourcesBuildPhase;
			buildActionMask = 2147483647;
			files = (
			);
			runOnlyForDeploymentPostprocessing = 0;
		};
/* End PBXResourcesBuildPhase section */

/* Begin PBXShellScriptBuildPhase section */
		1C8B10602C4FF4C300DF6C75 /* ShellScript */ = {
			isa = PBXShellScriptBuildPhase;
			alwaysOutOfDate = 1;
			buildActionMask = 2147483647;
			files = (
			);
			inputFileListPaths = (
			);
			inputPaths = (
			);
			outputFileListPaths = (
			);
			outputPaths = (
			);
			runOnlyForDeploymentPostprocessing = 0;
			shellPath = /bin/sh;
			shellScript = "# Type a script or drag a script file from your workspace to insert its path.\necho \"${CONFIGURATION}\";\n\nenv=\"Prod\"\n\nif [[ $CONFIGURATION =~ ^([^-]*)- ]]; then\n    env=${BASH_REMATCH[1]}\nfi\n\nif [ \"$env\" == \"Dev\" ]; then\n    echo \"Setting up Development environment...\"\nelif [ \"$env\" == \"Stg\" ]; then\n    echo \"Setting up Staging environment...\"\nelse\n    env=\"Prod\"\nfi\n\necho $env\n\ncp \"${PROJECT_DIR}/Firebase/${env}.plist\" \"${PROJECT_DIR}/app/Resources/GoogleService-Info.plist\"\n";
		};
		48781A31CB8CD1443F214A4B /* [CP] Check Pods Manifest.lock */ = {
			isa = PBXShellScriptBuildPhase;
			buildActionMask = 2147483647;
			files = (
			);
			inputFileListPaths = (
			);
			inputPaths = (
				"${PODS_PODFILE_DIR_PATH}/Podfile.lock",
				"${PODS_ROOT}/Manifest.lock",
			);
			name = "[CP] Check Pods Manifest.lock";
			outputFileListPaths = (
			);
			outputPaths = (
				"$(DERIVED_FILE_DIR)/Pods-appTests-checkManifestLockResult.txt",
			);
			runOnlyForDeploymentPostprocessing = 0;
			shellPath = /bin/sh;
			shellScript = "diff \"${PODS_PODFILE_DIR_PATH}/Podfile.lock\" \"${PODS_ROOT}/Manifest.lock\" > /dev/null\nif [ $? != 0 ] ; then\n    # print error to STDERR\n    echo \"error: The sandbox is not in sync with the Podfile.lock. Run 'pod install' or update your CocoaPods installation.\" >&2\n    exit 1\nfi\n# This output is used by Xcode 'outputs' to avoid re-running this script phase.\necho \"SUCCESS\" > \"${SCRIPT_OUTPUT_FILE_0}\"\n";
			showEnvVarsInLog = 0;
		};
		65F362A7E9E5353B7CDD7D6F /* [CP] Embed Pods Frameworks */ = {
			isa = PBXShellScriptBuildPhase;
			buildActionMask = 2147483647;
			files = (
			);
			inputFileListPaths = (
				"${PODS_ROOT}/Target Support Files/Pods-app/Pods-app-frameworks-${CONFIGURATION}-input-files.xcfilelist",
			);
			name = "[CP] Embed Pods Frameworks";
			outputFileListPaths = (
				"${PODS_ROOT}/Target Support Files/Pods-app/Pods-app-frameworks-${CONFIGURATION}-output-files.xcfilelist",
			);
			runOnlyForDeploymentPostprocessing = 0;
			shellPath = /bin/sh;
			shellScript = "\"${PODS_ROOT}/Target Support Files/Pods-app/Pods-app-frameworks.sh\"\n";
			showEnvVarsInLog = 0;
		};
		9201D5116305BAF4557D8962 /* [CP] Embed Pods Frameworks */ = {
			isa = PBXShellScriptBuildPhase;
			buildActionMask = 2147483647;
			files = (
			);
			inputFileListPaths = (
				"${PODS_ROOT}/Target Support Files/Pods-app-appUITests/Pods-app-appUITests-frameworks-${CONFIGURATION}-input-files.xcfilelist",
			);
			name = "[CP] Embed Pods Frameworks";
			outputFileListPaths = (
				"${PODS_ROOT}/Target Support Files/Pods-app-appUITests/Pods-app-appUITests-frameworks-${CONFIGURATION}-output-files.xcfilelist",
			);
			runOnlyForDeploymentPostprocessing = 0;
			shellPath = /bin/sh;
			shellScript = "\"${PODS_ROOT}/Target Support Files/Pods-app-appUITests/Pods-app-appUITests-frameworks.sh\"\n";
			showEnvVarsInLog = 0;
		};
		CF2E8942159A2093D7B0C7BF /* [CP] Check Pods Manifest.lock */ = {
			isa = PBXShellScriptBuildPhase;
			buildActionMask = 2147483647;
			files = (
			);
			inputFileListPaths = (
			);
			inputPaths = (
				"${PODS_PODFILE_DIR_PATH}/Podfile.lock",
				"${PODS_ROOT}/Manifest.lock",
			);
			name = "[CP] Check Pods Manifest.lock";
			outputFileListPaths = (
			);
			outputPaths = (
				"$(DERIVED_FILE_DIR)/Pods-app-checkManifestLockResult.txt",
			);
			runOnlyForDeploymentPostprocessing = 0;
			shellPath = /bin/sh;
			shellScript = "diff \"${PODS_PODFILE_DIR_PATH}/Podfile.lock\" \"${PODS_ROOT}/Manifest.lock\" > /dev/null\nif [ $? != 0 ] ; then\n    # print error to STDERR\n    echo \"error: The sandbox is not in sync with the Podfile.lock. Run 'pod install' or update your CocoaPods installation.\" >&2\n    exit 1\nfi\n# This output is used by Xcode 'outputs' to avoid re-running this script phase.\necho \"SUCCESS\" > \"${SCRIPT_OUTPUT_FILE_0}\"\n";
			showEnvVarsInLog = 0;
		};
		FFCDC4DA4A383794199FE6F1 /* [CP] Check Pods Manifest.lock */ = {
			isa = PBXShellScriptBuildPhase;
			buildActionMask = 2147483647;
			files = (
			);
			inputFileListPaths = (
			);
			inputPaths = (
				"${PODS_PODFILE_DIR_PATH}/Podfile.lock",
				"${PODS_ROOT}/Manifest.lock",
			);
			name = "[CP] Check Pods Manifest.lock";
			outputFileListPaths = (
			);
			outputPaths = (
				"$(DERIVED_FILE_DIR)/Pods-app-appUITests-checkManifestLockResult.txt",
			);
			runOnlyForDeploymentPostprocessing = 0;
			shellPath = /bin/sh;
			shellScript = "diff \"${PODS_PODFILE_DIR_PATH}/Podfile.lock\" \"${PODS_ROOT}/Manifest.lock\" > /dev/null\nif [ $? != 0 ] ; then\n    # print error to STDERR\n    echo \"error: The sandbox is not in sync with the Podfile.lock. Run 'pod install' or update your CocoaPods installation.\" >&2\n    exit 1\nfi\n# This output is used by Xcode 'outputs' to avoid re-running this script phase.\necho \"SUCCESS\" > \"${SCRIPT_OUTPUT_FILE_0}\"\n";
			showEnvVarsInLog = 0;
		};
/* End PBXShellScriptBuildPhase section */

/* Begin PBXSourcesBuildPhase section */
		1C8B10042C4FD59900DF6C75 /* Sources */ = {
			isa = PBXSourcesBuildPhase;
			buildActionMask = 2147483647;
			files = (
				1C8B10102C4FD59900DF6C75 /* ViewController.swift in Sources */,
				DE96F46C2C64BC6C004C6280 /* Logger.swift in Sources */,
				DE32AA852C6482240098ED99 /* PostAPI.swift in Sources */,
				DE32AA7B2C6471720098ED99 /* Configs.swift in Sources */,
				1C8B100C2C4FD59900DF6C75 /* AppDelegate.swift in Sources */,
				1C8B100E2C4FD59900DF6C75 /* SceneDelegate.swift in Sources */,
			);
			runOnlyForDeploymentPostprocessing = 0;
		};
		1C8B101A2C4FD59B00DF6C75 /* Sources */ = {
			isa = PBXSourcesBuildPhase;
			buildActionMask = 2147483647;
			files = (
				1C8B10232C4FD59B00DF6C75 /* appTests.swift in Sources */,
			);
			runOnlyForDeploymentPostprocessing = 0;
		};
		1C8B10242C4FD59B00DF6C75 /* Sources */ = {
			isa = PBXSourcesBuildPhase;
			buildActionMask = 2147483647;
			files = (
				1C8B102F2C4FD59B00DF6C75 /* appUITestsLaunchTests.swift in Sources */,
				1C8B102D2C4FD59B00DF6C75 /* appUITests.swift in Sources */,
			);
			runOnlyForDeploymentPostprocessing = 0;
		};
/* End PBXSourcesBuildPhase section */

/* Begin PBXTargetDependency section */
		1C8B10202C4FD59B00DF6C75 /* PBXTargetDependency */ = {
			isa = PBXTargetDependency;
			target = 1C8B10072C4FD59900DF6C75 /* app */;
			targetProxy = 1C8B101F2C4FD59B00DF6C75 /* PBXContainerItemProxy */;
		};
		1C8B102A2C4FD59B00DF6C75 /* PBXTargetDependency */ = {
			isa = PBXTargetDependency;
			target = 1C8B10072C4FD59900DF6C75 /* app */;
			targetProxy = 1C8B10292C4FD59B00DF6C75 /* PBXContainerItemProxy */;
		};
/* End PBXTargetDependency section */

/* Begin PBXVariantGroup section */
		1C8B10112C4FD59900DF6C75 /* Main.storyboard */ = {
			isa = PBXVariantGroup;
			children = (
				1C8B10122C4FD59900DF6C75 /* Base */,
			);
			name = Main.storyboard;
			sourceTree = "<group>";
		};
		1C8B10162C4FD59B00DF6C75 /* LaunchScreen.storyboard */ = {
			isa = PBXVariantGroup;
			children = (
				1C8B10172C4FD59B00DF6C75 /* Base */,
			);
			name = LaunchScreen.storyboard;
			sourceTree = "<group>";
		};
/* End PBXVariantGroup section */

/* Begin XCBuildConfiguration section */
		1C8B10302C4FD59B00DF6C75 /* Debug */ = {
			isa = XCBuildConfiguration;
			baseConfigurationReference = 1C8B10562C4FE1E300DF6C75 /* Product.xcconfig */;
			buildSettings = {
				ALWAYS_SEARCH_USER_PATHS = NO;
				ASSETCATALOG_COMPILER_GENERATE_SWIFT_ASSET_SYMBOL_EXTENSIONS = YES;
				CLANG_ANALYZER_NONNULL = YES;
				CLANG_ANALYZER_NUMBER_OBJECT_CONVERSION = YES_AGGRESSIVE;
				CLANG_CXX_LANGUAGE_STANDARD = "gnu++20";
				CLANG_ENABLE_MODULES = YES;
				CLANG_ENABLE_OBJC_ARC = YES;
				CLANG_ENABLE_OBJC_WEAK = YES;
				CLANG_WARN_BLOCK_CAPTURE_AUTORELEASING = YES;
				CLANG_WARN_BOOL_CONVERSION = YES;
				CLANG_WARN_COMMA = YES;
				CLANG_WARN_CONSTANT_CONVERSION = YES;
				CLANG_WARN_DEPRECATED_OBJC_IMPLEMENTATIONS = YES;
				CLANG_WARN_DIRECT_OBJC_ISA_USAGE = YES_ERROR;
				CLANG_WARN_DOCUMENTATION_COMMENTS = YES;
				CLANG_WARN_EMPTY_BODY = YES;
				CLANG_WARN_ENUM_CONVERSION = YES;
				CLANG_WARN_INFINITE_RECURSION = YES;
				CLANG_WARN_INT_CONVERSION = YES;
				CLANG_WARN_NON_LITERAL_NULL_CONVERSION = YES;
				CLANG_WARN_OBJC_IMPLICIT_RETAIN_SELF = YES;
				CLANG_WARN_OBJC_LITERAL_CONVERSION = YES;
				CLANG_WARN_OBJC_ROOT_CLASS = YES_ERROR;
				CLANG_WARN_QUOTED_INCLUDE_IN_FRAMEWORK_HEADER = YES;
				CLANG_WARN_RANGE_LOOP_ANALYSIS = YES;
				CLANG_WARN_STRICT_PROTOTYPES = YES;
				CLANG_WARN_SUSPICIOUS_MOVE = YES;
				CLANG_WARN_UNGUARDED_AVAILABILITY = YES_AGGRESSIVE;
				CLANG_WARN_UNREACHABLE_CODE = YES;
				CLANG_WARN__DUPLICATE_METHOD_MATCH = YES;
				COPY_PHASE_STRIP = NO;
				DEBUG_INFORMATION_FORMAT = dwarf;
				ENABLE_STRICT_OBJC_MSGSEND = YES;
				ENABLE_TESTABILITY = YES;
				ENABLE_USER_SCRIPT_SANDBOXING = YES;
				GCC_C_LANGUAGE_STANDARD = gnu17;
				GCC_DYNAMIC_NO_PIC = NO;
				GCC_NO_COMMON_BLOCKS = YES;
				GCC_OPTIMIZATION_LEVEL = 0;
				GCC_PREPROCESSOR_DEFINITIONS = (
					"DEBUG=1",
					"$(inherited)",
				);
				GCC_WARN_64_TO_32_BIT_CONVERSION = YES;
				GCC_WARN_ABOUT_RETURN_TYPE = YES_ERROR;
				GCC_WARN_UNDECLARED_SELECTOR = YES;
				GCC_WARN_UNINITIALIZED_AUTOS = YES_AGGRESSIVE;
				GCC_WARN_UNUSED_FUNCTION = YES;
				GCC_WARN_UNUSED_VARIABLE = YES;
				IPHONEOS_DEPLOYMENT_TARGET = 17.0;
				LOCALIZATION_PREFERS_STRING_CATALOGS = YES;
				MTL_ENABLE_DEBUG_INFO = INCLUDE_SOURCE;
				MTL_FAST_MATH = YES;
				ONLY_ACTIVE_ARCH = YES;
				SDKROOT = iphoneos;
				SWIFT_ACTIVE_COMPILATION_CONDITIONS = "DEBUG $(inherited)";
				SWIFT_OPTIMIZATION_LEVEL = "-Onone";
			};
			name = Debug;
		};
		1C8B10312C4FD59B00DF6C75 /* Release */ = {
			isa = XCBuildConfiguration;
			baseConfigurationReference = 1C8B10562C4FE1E300DF6C75 /* Product.xcconfig */;
			buildSettings = {
				ALWAYS_SEARCH_USER_PATHS = NO;
				ASSETCATALOG_COMPILER_GENERATE_SWIFT_ASSET_SYMBOL_EXTENSIONS = YES;
				CLANG_ANALYZER_NONNULL = YES;
				CLANG_ANALYZER_NUMBER_OBJECT_CONVERSION = YES_AGGRESSIVE;
				CLANG_CXX_LANGUAGE_STANDARD = "gnu++20";
				CLANG_ENABLE_MODULES = YES;
				CLANG_ENABLE_OBJC_ARC = YES;
				CLANG_ENABLE_OBJC_WEAK = YES;
				CLANG_WARN_BLOCK_CAPTURE_AUTORELEASING = YES;
				CLANG_WARN_BOOL_CONVERSION = YES;
				CLANG_WARN_COMMA = YES;
				CLANG_WARN_CONSTANT_CONVERSION = YES;
				CLANG_WARN_DEPRECATED_OBJC_IMPLEMENTATIONS = YES;
				CLANG_WARN_DIRECT_OBJC_ISA_USAGE = YES_ERROR;
				CLANG_WARN_DOCUMENTATION_COMMENTS = YES;
				CLANG_WARN_EMPTY_BODY = YES;
				CLANG_WARN_ENUM_CONVERSION = YES;
				CLANG_WARN_INFINITE_RECURSION = YES;
				CLANG_WARN_INT_CONVERSION = YES;
				CLANG_WARN_NON_LITERAL_NULL_CONVERSION = YES;
				CLANG_WARN_OBJC_IMPLICIT_RETAIN_SELF = YES;
				CLANG_WARN_OBJC_LITERAL_CONVERSION = YES;
				CLANG_WARN_OBJC_ROOT_CLASS = YES_ERROR;
				CLANG_WARN_QUOTED_INCLUDE_IN_FRAMEWORK_HEADER = YES;
				CLANG_WARN_RANGE_LOOP_ANALYSIS = YES;
				CLANG_WARN_STRICT_PROTOTYPES = YES;
				CLANG_WARN_SUSPICIOUS_MOVE = YES;
				CLANG_WARN_UNGUARDED_AVAILABILITY = YES_AGGRESSIVE;
				CLANG_WARN_UNREACHABLE_CODE = YES;
				CLANG_WARN__DUPLICATE_METHOD_MATCH = YES;
				COPY_PHASE_STRIP = NO;
				DEBUG_INFORMATION_FORMAT = "dwarf-with-dsym";
				ENABLE_NS_ASSERTIONS = NO;
				ENABLE_STRICT_OBJC_MSGSEND = YES;
				ENABLE_USER_SCRIPT_SANDBOXING = YES;
				GCC_C_LANGUAGE_STANDARD = gnu17;
				GCC_NO_COMMON_BLOCKS = YES;
				GCC_WARN_64_TO_32_BIT_CONVERSION = YES;
				GCC_WARN_ABOUT_RETURN_TYPE = YES_ERROR;
				GCC_WARN_UNDECLARED_SELECTOR = YES;
				GCC_WARN_UNINITIALIZED_AUTOS = YES_AGGRESSIVE;
				GCC_WARN_UNUSED_FUNCTION = YES;
				GCC_WARN_UNUSED_VARIABLE = YES;
				IPHONEOS_DEPLOYMENT_TARGET = 17.0;
				LOCALIZATION_PREFERS_STRING_CATALOGS = YES;
				MTL_ENABLE_DEBUG_INFO = NO;
				MTL_FAST_MATH = YES;
				SDKROOT = iphoneos;
				SWIFT_COMPILATION_MODE = wholemodule;
				VALIDATE_PRODUCT = YES;
			};
			name = Release;
		};
		1C8B10332C4FD59B00DF6C75 /* Debug */ = {
			isa = XCBuildConfiguration;
			baseConfigurationReference = 1C8B10562C4FE1E300DF6C75 /* Product.xcconfig */;
			buildSettings = {
				ASSETCATALOG_COMPILER_APPICON_NAME = AppIcon;
				ASSETCATALOG_COMPILER_GLOBAL_ACCENT_COLOR_NAME = AccentColor;
				CODE_SIGN_IDENTITY = "Apple Development";
				CODE_SIGN_STYLE = Automatic;
				CURRENT_PROJECT_VERSION = 1;
				DEVELOPMENT_TEAM = 6AM96KFAZ4;
				ENABLE_USER_SCRIPT_SANDBOXING = NO;
				GENERATE_INFOPLIST_FILE = YES;
				INFOPLIST_FILE = app/Info.plist;
				INFOPLIST_KEY_UIApplicationSupportsIndirectInputEvents = YES;
				INFOPLIST_KEY_UILaunchStoryboardName = LaunchScreen;
				INFOPLIST_KEY_UIMainStoryboardFile = Main;
				INFOPLIST_KEY_UISupportedInterfaceOrientations_iPad = "UIInterfaceOrientationPortrait UIInterfaceOrientationPortraitUpsideDown UIInterfaceOrientationLandscapeLeft UIInterfaceOrientationLandscapeRight";
				INFOPLIST_KEY_UISupportedInterfaceOrientations_iPhone = "UIInterfaceOrientationPortrait UIInterfaceOrientationLandscapeLeft UIInterfaceOrientationLandscapeRight";
				INFOPLIST_PREPROCESS = NO;
				IPHONEOS_DEPLOYMENT_TARGET = 15.0;
				LD_RUNPATH_SEARCH_PATHS = (
					"$(inherited)",
					"@executable_path/Frameworks",
				);
				MARKETING_VERSION = "$(APP_VERSION)";
				PRODUCT_BUNDLE_IDENTIFIER = "$(APP_BUNDLE_ID)";
				PRODUCT_NAME = "$(APP_NAME)";
				PROVISIONING_PROFILE_SPECIFIER = "";
				SWIFT_EMIT_LOC_STRINGS = YES;
				SWIFT_VERSION = 5.0;
				TARGETED_DEVICE_FAMILY = "1,2";
			};
			name = Debug;
		};
		1C8B10342C4FD59B00DF6C75 /* Release */ = {
			isa = XCBuildConfiguration;
			baseConfigurationReference = 1C8B10562C4FE1E300DF6C75 /* Product.xcconfig */;
			buildSettings = {
				ASSETCATALOG_COMPILER_APPICON_NAME = AppIcon;
				ASSETCATALOG_COMPILER_GLOBAL_ACCENT_COLOR_NAME = AccentColor;
				CODE_SIGN_IDENTITY = "Apple Development";
				CODE_SIGN_STYLE = Automatic;
				CURRENT_PROJECT_VERSION = 1;
				DEVELOPMENT_TEAM = 6AM96KFAZ4;
				ENABLE_USER_SCRIPT_SANDBOXING = NO;
				GENERATE_INFOPLIST_FILE = YES;
				INFOPLIST_FILE = app/Info.plist;
				INFOPLIST_KEY_UIApplicationSupportsIndirectInputEvents = YES;
				INFOPLIST_KEY_UILaunchStoryboardName = LaunchScreen;
				INFOPLIST_KEY_UIMainStoryboardFile = Main;
				INFOPLIST_KEY_UISupportedInterfaceOrientations_iPad = "UIInterfaceOrientationPortrait UIInterfaceOrientationPortraitUpsideDown UIInterfaceOrientationLandscapeLeft UIInterfaceOrientationLandscapeRight";
				INFOPLIST_KEY_UISupportedInterfaceOrientations_iPhone = "UIInterfaceOrientationPortrait UIInterfaceOrientationLandscapeLeft UIInterfaceOrientationLandscapeRight";
				INFOPLIST_PREPROCESS = NO;
				IPHONEOS_DEPLOYMENT_TARGET = 15.0;
				LD_RUNPATH_SEARCH_PATHS = (
					"$(inherited)",
					"@executable_path/Frameworks",
				);
				MARKETING_VERSION = "$(APP_VERSION)";
				PRODUCT_BUNDLE_IDENTIFIER = "$(APP_BUNDLE_ID)";
				PRODUCT_NAME = "$(APP_NAME)";
				PROVISIONING_PROFILE_SPECIFIER = "";
				SWIFT_EMIT_LOC_STRINGS = YES;
				SWIFT_VERSION = 5.0;
				TARGETED_DEVICE_FAMILY = "1,2";
			};
			name = Release;
		};
		1C8B10362C4FD59B00DF6C75 /* Debug */ = {
			isa = XCBuildConfiguration;
			baseConfigurationReference = 1C8B10562C4FE1E300DF6C75 /* Product.xcconfig */;
			buildSettings = {
				ALWAYS_EMBED_SWIFT_STANDARD_LIBRARIES = YES;
				BUNDLE_LOADER = "$(TEST_HOST)";
				CODE_SIGN_STYLE = Automatic;
				CURRENT_PROJECT_VERSION = 1;
				GENERATE_INFOPLIST_FILE = YES;
				IPHONEOS_DEPLOYMENT_TARGET = 17.0;
				MARKETING_VERSION = 1.0;
				PRODUCT_BUNDLE_IDENTIFIER = com.dotn.app.appTests;
				PRODUCT_NAME = "$(TARGET_NAME)";
				SWIFT_EMIT_LOC_STRINGS = NO;
				SWIFT_VERSION = 5.0;
				TARGETED_DEVICE_FAMILY = "1,2";
				TEST_HOST = "$(BUILT_PRODUCTS_DIR)/app.app/$(BUNDLE_EXECUTABLE_FOLDER_PATH)/app";
			};
			name = Debug;
		};
		1C8B10372C4FD59B00DF6C75 /* Release */ = {
			isa = XCBuildConfiguration;
			baseConfigurationReference = 1C8B10562C4FE1E300DF6C75 /* Product.xcconfig */;
			buildSettings = {
				ALWAYS_EMBED_SWIFT_STANDARD_LIBRARIES = YES;
				BUNDLE_LOADER = "$(TEST_HOST)";
				CODE_SIGN_STYLE = Automatic;
				CURRENT_PROJECT_VERSION = 1;
				GENERATE_INFOPLIST_FILE = YES;
				IPHONEOS_DEPLOYMENT_TARGET = 17.0;
				MARKETING_VERSION = 1.0;
				PRODUCT_BUNDLE_IDENTIFIER = com.dotn.app.appTests;
				PRODUCT_NAME = "$(TARGET_NAME)";
				SWIFT_EMIT_LOC_STRINGS = NO;
				SWIFT_VERSION = 5.0;
				TARGETED_DEVICE_FAMILY = "1,2";
				TEST_HOST = "$(BUILT_PRODUCTS_DIR)/app.app/$(BUNDLE_EXECUTABLE_FOLDER_PATH)/app";
			};
			name = Release;
		};
		1C8B10392C4FD59B00DF6C75 /* Debug */ = {
			isa = XCBuildConfiguration;
			baseConfigurationReference = 1C8B10562C4FE1E300DF6C75 /* Product.xcconfig */;
			buildSettings = {
				ALWAYS_EMBED_SWIFT_STANDARD_LIBRARIES = YES;
				CODE_SIGN_STYLE = Automatic;
				CURRENT_PROJECT_VERSION = 1;
				GENERATE_INFOPLIST_FILE = YES;
				MARKETING_VERSION = 1.0;
				PRODUCT_BUNDLE_IDENTIFIER = com.dotn.app.appUITests;
				PRODUCT_NAME = "$(TARGET_NAME)";
				SWIFT_EMIT_LOC_STRINGS = NO;
				SWIFT_VERSION = 5.0;
				TARGETED_DEVICE_FAMILY = "1,2";
				TEST_TARGET_NAME = app;
			};
			name = Debug;
		};
		1C8B103A2C4FD59B00DF6C75 /* Release */ = {
			isa = XCBuildConfiguration;
			baseConfigurationReference = 1C8B10562C4FE1E300DF6C75 /* Product.xcconfig */;
			buildSettings = {
				ALWAYS_EMBED_SWIFT_STANDARD_LIBRARIES = YES;
				CODE_SIGN_STYLE = Automatic;
				CURRENT_PROJECT_VERSION = 1;
				GENERATE_INFOPLIST_FILE = YES;
				MARKETING_VERSION = 1.0;
				PRODUCT_BUNDLE_IDENTIFIER = com.dotn.app.appUITests;
				PRODUCT_NAME = "$(TARGET_NAME)";
				SWIFT_EMIT_LOC_STRINGS = NO;
				SWIFT_VERSION = 5.0;
				TARGETED_DEVICE_FAMILY = "1,2";
				TEST_TARGET_NAME = app;
			};
			name = Release;
		};
		1C8B10432C4FDF7800DF6C75 /* Dev-Debug */ = {
			isa = XCBuildConfiguration;
			baseConfigurationReference = 1C8B10542C4FE14300DF6C75 /* Dev.xcconfig */;
			buildSettings = {
				ALWAYS_SEARCH_USER_PATHS = NO;
				ASSETCATALOG_COMPILER_GENERATE_SWIFT_ASSET_SYMBOL_EXTENSIONS = YES;
				CLANG_ANALYZER_NONNULL = YES;
				CLANG_ANALYZER_NUMBER_OBJECT_CONVERSION = YES_AGGRESSIVE;
				CLANG_CXX_LANGUAGE_STANDARD = "gnu++20";
				CLANG_ENABLE_MODULES = YES;
				CLANG_ENABLE_OBJC_ARC = YES;
				CLANG_ENABLE_OBJC_WEAK = YES;
				CLANG_WARN_BLOCK_CAPTURE_AUTORELEASING = YES;
				CLANG_WARN_BOOL_CONVERSION = YES;
				CLANG_WARN_COMMA = YES;
				CLANG_WARN_CONSTANT_CONVERSION = YES;
				CLANG_WARN_DEPRECATED_OBJC_IMPLEMENTATIONS = YES;
				CLANG_WARN_DIRECT_OBJC_ISA_USAGE = YES_ERROR;
				CLANG_WARN_DOCUMENTATION_COMMENTS = YES;
				CLANG_WARN_EMPTY_BODY = YES;
				CLANG_WARN_ENUM_CONVERSION = YES;
				CLANG_WARN_INFINITE_RECURSION = YES;
				CLANG_WARN_INT_CONVERSION = YES;
				CLANG_WARN_NON_LITERAL_NULL_CONVERSION = YES;
				CLANG_WARN_OBJC_IMPLICIT_RETAIN_SELF = YES;
				CLANG_WARN_OBJC_LITERAL_CONVERSION = YES;
				CLANG_WARN_OBJC_ROOT_CLASS = YES_ERROR;
				CLANG_WARN_QUOTED_INCLUDE_IN_FRAMEWORK_HEADER = YES;
				CLANG_WARN_RANGE_LOOP_ANALYSIS = YES;
				CLANG_WARN_STRICT_PROTOTYPES = YES;
				CLANG_WARN_SUSPICIOUS_MOVE = YES;
				CLANG_WARN_UNGUARDED_AVAILABILITY = YES_AGGRESSIVE;
				CLANG_WARN_UNREACHABLE_CODE = YES;
				CLANG_WARN__DUPLICATE_METHOD_MATCH = YES;
				COPY_PHASE_STRIP = NO;
				DEBUG_INFORMATION_FORMAT = dwarf;
				ENABLE_STRICT_OBJC_MSGSEND = YES;
				ENABLE_TESTABILITY = YES;
				ENABLE_USER_SCRIPT_SANDBOXING = YES;
				GCC_C_LANGUAGE_STANDARD = gnu17;
				GCC_DYNAMIC_NO_PIC = NO;
				GCC_NO_COMMON_BLOCKS = YES;
				GCC_OPTIMIZATION_LEVEL = 0;
				GCC_PREPROCESSOR_DEFINITIONS = (
					"DEBUG=1",
					"$(inherited)",
				);
				GCC_WARN_64_TO_32_BIT_CONVERSION = YES;
				GCC_WARN_ABOUT_RETURN_TYPE = YES_ERROR;
				GCC_WARN_UNDECLARED_SELECTOR = YES;
				GCC_WARN_UNINITIALIZED_AUTOS = YES_AGGRESSIVE;
				GCC_WARN_UNUSED_FUNCTION = YES;
				GCC_WARN_UNUSED_VARIABLE = YES;
				IPHONEOS_DEPLOYMENT_TARGET = 17.0;
				LOCALIZATION_PREFERS_STRING_CATALOGS = YES;
				MTL_ENABLE_DEBUG_INFO = INCLUDE_SOURCE;
				MTL_FAST_MATH = YES;
				ONLY_ACTIVE_ARCH = YES;
				SDKROOT = iphoneos;
				SWIFT_ACTIVE_COMPILATION_CONDITIONS = "DEBUG $(inherited)";
				SWIFT_OPTIMIZATION_LEVEL = "-Onone";
			};
			name = "Dev-Debug";
		};
		1C8B10442C4FDF7800DF6C75 /* Dev-Debug */ = {
			isa = XCBuildConfiguration;
			baseConfigurationReference = 1C8B10542C4FE14300DF6C75 /* Dev.xcconfig */;
			buildSettings = {
				ASSETCATALOG_COMPILER_APPICON_NAME = AppIcon;
				ASSETCATALOG_COMPILER_GLOBAL_ACCENT_COLOR_NAME = AccentColor;
				CODE_SIGN_IDENTITY = "Apple Development";
				CODE_SIGN_STYLE = Automatic;
				CURRENT_PROJECT_VERSION = 1;
				DEVELOPMENT_TEAM = 6AM96KFAZ4;
				ENABLE_USER_SCRIPT_SANDBOXING = NO;
				GENERATE_INFOPLIST_FILE = YES;
				INFOPLIST_FILE = app/Info.plist;
				INFOPLIST_KEY_UIApplicationSupportsIndirectInputEvents = YES;
				INFOPLIST_KEY_UILaunchStoryboardName = LaunchScreen;
				INFOPLIST_KEY_UIMainStoryboardFile = Main;
				INFOPLIST_KEY_UISupportedInterfaceOrientations_iPad = "UIInterfaceOrientationPortrait UIInterfaceOrientationPortraitUpsideDown UIInterfaceOrientationLandscapeLeft UIInterfaceOrientationLandscapeRight";
				INFOPLIST_KEY_UISupportedInterfaceOrientations_iPhone = "UIInterfaceOrientationPortrait UIInterfaceOrientationLandscapeLeft UIInterfaceOrientationLandscapeRight";
				INFOPLIST_PREPROCESS = NO;
				IPHONEOS_DEPLOYMENT_TARGET = 15.0;
				LD_RUNPATH_SEARCH_PATHS = (
					"$(inherited)",
					"@executable_path/Frameworks",
				);
				MARKETING_VERSION = "$(APP_VERSION)";
				PRODUCT_BUNDLE_IDENTIFIER = "$(APP_BUNDLE_ID)";
				PRODUCT_NAME = "$(APP_NAME)";
				PROVISIONING_PROFILE_SPECIFIER = "";
				SWIFT_EMIT_LOC_STRINGS = YES;
				SWIFT_VERSION = 5.0;
				TARGETED_DEVICE_FAMILY = "1,2";
			};
			name = "Dev-Debug";
		};
		1C8B10452C4FDF7800DF6C75 /* Dev-Debug */ = {
			isa = XCBuildConfiguration;
			baseConfigurationReference = 1C8B10542C4FE14300DF6C75 /* Dev.xcconfig */;
			buildSettings = {
				ALWAYS_EMBED_SWIFT_STANDARD_LIBRARIES = YES;
				BUNDLE_LOADER = "$(TEST_HOST)";
				CODE_SIGN_STYLE = Automatic;
				CURRENT_PROJECT_VERSION = 1;
				GENERATE_INFOPLIST_FILE = YES;
				IPHONEOS_DEPLOYMENT_TARGET = 17.0;
				MARKETING_VERSION = 1.0;
				PRODUCT_BUNDLE_IDENTIFIER = com.dotn.app.appTests;
				PRODUCT_NAME = "$(TARGET_NAME)";
				SWIFT_EMIT_LOC_STRINGS = NO;
				SWIFT_VERSION = 5.0;
				TARGETED_DEVICE_FAMILY = "1,2";
				TEST_HOST = "$(BUILT_PRODUCTS_DIR)/app.app/$(BUNDLE_EXECUTABLE_FOLDER_PATH)/app";
			};
			name = "Dev-Debug";
		};
		1C8B10462C4FDF7800DF6C75 /* Dev-Debug */ = {
			isa = XCBuildConfiguration;
			baseConfigurationReference = 1C8B10542C4FE14300DF6C75 /* Dev.xcconfig */;
			buildSettings = {
				ALWAYS_EMBED_SWIFT_STANDARD_LIBRARIES = YES;
				CODE_SIGN_STYLE = Automatic;
				CURRENT_PROJECT_VERSION = 1;
				GENERATE_INFOPLIST_FILE = YES;
				MARKETING_VERSION = 1.0;
				PRODUCT_BUNDLE_IDENTIFIER = com.dotn.app.appUITests;
				PRODUCT_NAME = "$(TARGET_NAME)";
				SWIFT_EMIT_LOC_STRINGS = NO;
				SWIFT_VERSION = 5.0;
				TARGETED_DEVICE_FAMILY = "1,2";
				TEST_TARGET_NAME = app;
			};
			name = "Dev-Debug";
		};
		1C8B10472C4FDFB200DF6C75 /* Stg-Release */ = {
			isa = XCBuildConfiguration;
			baseConfigurationReference = 1C8B10552C4FE1BF00DF6C75 /* Staging.xcconfig */;
			buildSettings = {
				ALWAYS_SEARCH_USER_PATHS = NO;
				ASSETCATALOG_COMPILER_GENERATE_SWIFT_ASSET_SYMBOL_EXTENSIONS = YES;
				CLANG_ANALYZER_NONNULL = YES;
				CLANG_ANALYZER_NUMBER_OBJECT_CONVERSION = YES_AGGRESSIVE;
				CLANG_CXX_LANGUAGE_STANDARD = "gnu++20";
				CLANG_ENABLE_MODULES = YES;
				CLANG_ENABLE_OBJC_ARC = YES;
				CLANG_ENABLE_OBJC_WEAK = YES;
				CLANG_WARN_BLOCK_CAPTURE_AUTORELEASING = YES;
				CLANG_WARN_BOOL_CONVERSION = YES;
				CLANG_WARN_COMMA = YES;
				CLANG_WARN_CONSTANT_CONVERSION = YES;
				CLANG_WARN_DEPRECATED_OBJC_IMPLEMENTATIONS = YES;
				CLANG_WARN_DIRECT_OBJC_ISA_USAGE = YES_ERROR;
				CLANG_WARN_DOCUMENTATION_COMMENTS = YES;
				CLANG_WARN_EMPTY_BODY = YES;
				CLANG_WARN_ENUM_CONVERSION = YES;
				CLANG_WARN_INFINITE_RECURSION = YES;
				CLANG_WARN_INT_CONVERSION = YES;
				CLANG_WARN_NON_LITERAL_NULL_CONVERSION = YES;
				CLANG_WARN_OBJC_IMPLICIT_RETAIN_SELF = YES;
				CLANG_WARN_OBJC_LITERAL_CONVERSION = YES;
				CLANG_WARN_OBJC_ROOT_CLASS = YES_ERROR;
				CLANG_WARN_QUOTED_INCLUDE_IN_FRAMEWORK_HEADER = YES;
				CLANG_WARN_RANGE_LOOP_ANALYSIS = YES;
				CLANG_WARN_STRICT_PROTOTYPES = YES;
				CLANG_WARN_SUSPICIOUS_MOVE = YES;
				CLANG_WARN_UNGUARDED_AVAILABILITY = YES_AGGRESSIVE;
				CLANG_WARN_UNREACHABLE_CODE = YES;
				CLANG_WARN__DUPLICATE_METHOD_MATCH = YES;
				COPY_PHASE_STRIP = NO;
				DEBUG_INFORMATION_FORMAT = "dwarf-with-dsym";
				ENABLE_NS_ASSERTIONS = NO;
				ENABLE_STRICT_OBJC_MSGSEND = YES;
				ENABLE_USER_SCRIPT_SANDBOXING = YES;
				GCC_C_LANGUAGE_STANDARD = gnu17;
				GCC_NO_COMMON_BLOCKS = YES;
				GCC_WARN_64_TO_32_BIT_CONVERSION = YES;
				GCC_WARN_ABOUT_RETURN_TYPE = YES_ERROR;
				GCC_WARN_UNDECLARED_SELECTOR = YES;
				GCC_WARN_UNINITIALIZED_AUTOS = YES_AGGRESSIVE;
				GCC_WARN_UNUSED_FUNCTION = YES;
				GCC_WARN_UNUSED_VARIABLE = YES;
				IPHONEOS_DEPLOYMENT_TARGET = 17.0;
				LOCALIZATION_PREFERS_STRING_CATALOGS = YES;
				MTL_ENABLE_DEBUG_INFO = NO;
				MTL_FAST_MATH = YES;
				SDKROOT = iphoneos;
				SWIFT_COMPILATION_MODE = wholemodule;
				VALIDATE_PRODUCT = YES;
			};
			name = "Stg-Release";
		};
		1C8B10482C4FDFB200DF6C75 /* Stg-Release */ = {
			isa = XCBuildConfiguration;
			baseConfigurationReference = 1C8B10552C4FE1BF00DF6C75 /* Staging.xcconfig */;
			buildSettings = {
				ASSETCATALOG_COMPILER_APPICON_NAME = AppIcon;
				ASSETCATALOG_COMPILER_GLOBAL_ACCENT_COLOR_NAME = AccentColor;
				CODE_SIGN_IDENTITY = "Apple Development";
				CODE_SIGN_STYLE = Automatic;
				CURRENT_PROJECT_VERSION = 1;
				DEVELOPMENT_TEAM = 6AM96KFAZ4;
				ENABLE_USER_SCRIPT_SANDBOXING = NO;
				GENERATE_INFOPLIST_FILE = YES;
				INFOPLIST_FILE = app/Info.plist;
				INFOPLIST_KEY_UIApplicationSupportsIndirectInputEvents = YES;
				INFOPLIST_KEY_UILaunchStoryboardName = LaunchScreen;
				INFOPLIST_KEY_UIMainStoryboardFile = Main;
				INFOPLIST_KEY_UISupportedInterfaceOrientations_iPad = "UIInterfaceOrientationPortrait UIInterfaceOrientationPortraitUpsideDown UIInterfaceOrientationLandscapeLeft UIInterfaceOrientationLandscapeRight";
				INFOPLIST_KEY_UISupportedInterfaceOrientations_iPhone = "UIInterfaceOrientationPortrait UIInterfaceOrientationLandscapeLeft UIInterfaceOrientationLandscapeRight";
				INFOPLIST_PREPROCESS = NO;
				IPHONEOS_DEPLOYMENT_TARGET = 15.0;
				LD_RUNPATH_SEARCH_PATHS = (
					"$(inherited)",
					"@executable_path/Frameworks",
				);
				MARKETING_VERSION = "$(APP_VERSION)";
				PRODUCT_BUNDLE_IDENTIFIER = "$(APP_BUNDLE_ID)";
				PRODUCT_NAME = "$(APP_NAME)";
				PROVISIONING_PROFILE_SPECIFIER = "";
				SWIFT_EMIT_LOC_STRINGS = YES;
				SWIFT_VERSION = 5.0;
				TARGETED_DEVICE_FAMILY = "1,2";
			};
			name = "Stg-Release";
		};
		1C8B10492C4FDFB200DF6C75 /* Stg-Release */ = {
			isa = XCBuildConfiguration;
			baseConfigurationReference = 1C8B10552C4FE1BF00DF6C75 /* Staging.xcconfig */;
			buildSettings = {
				ALWAYS_EMBED_SWIFT_STANDARD_LIBRARIES = YES;
				BUNDLE_LOADER = "$(TEST_HOST)";
				CODE_SIGN_STYLE = Automatic;
				CURRENT_PROJECT_VERSION = 1;
				GENERATE_INFOPLIST_FILE = YES;
				IPHONEOS_DEPLOYMENT_TARGET = 17.0;
				MARKETING_VERSION = 1.0;
				PRODUCT_BUNDLE_IDENTIFIER = com.dotn.app.appTests;
				PRODUCT_NAME = "$(TARGET_NAME)";
				SWIFT_EMIT_LOC_STRINGS = NO;
				SWIFT_VERSION = 5.0;
				TARGETED_DEVICE_FAMILY = "1,2";
				TEST_HOST = "$(BUILT_PRODUCTS_DIR)/app.app/$(BUNDLE_EXECUTABLE_FOLDER_PATH)/app";
			};
			name = "Stg-Release";
		};
		1C8B104A2C4FDFB200DF6C75 /* Stg-Release */ = {
			isa = XCBuildConfiguration;
			baseConfigurationReference = 1C8B10552C4FE1BF00DF6C75 /* Staging.xcconfig */;
			buildSettings = {
				ALWAYS_EMBED_SWIFT_STANDARD_LIBRARIES = YES;
				CODE_SIGN_STYLE = Automatic;
				CURRENT_PROJECT_VERSION = 1;
				GENERATE_INFOPLIST_FILE = YES;
				MARKETING_VERSION = 1.0;
				PRODUCT_BUNDLE_IDENTIFIER = com.dotn.app.appUITests;
				PRODUCT_NAME = "$(TARGET_NAME)";
				SWIFT_EMIT_LOC_STRINGS = NO;
				SWIFT_VERSION = 5.0;
				TARGETED_DEVICE_FAMILY = "1,2";
				TEST_TARGET_NAME = app;
			};
			name = "Stg-Release";
		};
		1C8B104B2C4FDFF400DF6C75 /* Dev-Release */ = {
			isa = XCBuildConfiguration;
			baseConfigurationReference = 1C8B10542C4FE14300DF6C75 /* Dev.xcconfig */;
			buildSettings = {
				ALWAYS_SEARCH_USER_PATHS = NO;
				ASSETCATALOG_COMPILER_GENERATE_SWIFT_ASSET_SYMBOL_EXTENSIONS = YES;
				CLANG_ANALYZER_NONNULL = YES;
				CLANG_ANALYZER_NUMBER_OBJECT_CONVERSION = YES_AGGRESSIVE;
				CLANG_CXX_LANGUAGE_STANDARD = "gnu++20";
				CLANG_ENABLE_MODULES = YES;
				CLANG_ENABLE_OBJC_ARC = YES;
				CLANG_ENABLE_OBJC_WEAK = YES;
				CLANG_WARN_BLOCK_CAPTURE_AUTORELEASING = YES;
				CLANG_WARN_BOOL_CONVERSION = YES;
				CLANG_WARN_COMMA = YES;
				CLANG_WARN_CONSTANT_CONVERSION = YES;
				CLANG_WARN_DEPRECATED_OBJC_IMPLEMENTATIONS = YES;
				CLANG_WARN_DIRECT_OBJC_ISA_USAGE = YES_ERROR;
				CLANG_WARN_DOCUMENTATION_COMMENTS = YES;
				CLANG_WARN_EMPTY_BODY = YES;
				CLANG_WARN_ENUM_CONVERSION = YES;
				CLANG_WARN_INFINITE_RECURSION = YES;
				CLANG_WARN_INT_CONVERSION = YES;
				CLANG_WARN_NON_LITERAL_NULL_CONVERSION = YES;
				CLANG_WARN_OBJC_IMPLICIT_RETAIN_SELF = YES;
				CLANG_WARN_OBJC_LITERAL_CONVERSION = YES;
				CLANG_WARN_OBJC_ROOT_CLASS = YES_ERROR;
				CLANG_WARN_QUOTED_INCLUDE_IN_FRAMEWORK_HEADER = YES;
				CLANG_WARN_RANGE_LOOP_ANALYSIS = YES;
				CLANG_WARN_STRICT_PROTOTYPES = YES;
				CLANG_WARN_SUSPICIOUS_MOVE = YES;
				CLANG_WARN_UNGUARDED_AVAILABILITY = YES_AGGRESSIVE;
				CLANG_WARN_UNREACHABLE_CODE = YES;
				CLANG_WARN__DUPLICATE_METHOD_MATCH = YES;
				COPY_PHASE_STRIP = NO;
				DEBUG_INFORMATION_FORMAT = "dwarf-with-dsym";
				ENABLE_NS_ASSERTIONS = NO;
				ENABLE_STRICT_OBJC_MSGSEND = YES;
				ENABLE_USER_SCRIPT_SANDBOXING = YES;
				GCC_C_LANGUAGE_STANDARD = gnu17;
				GCC_NO_COMMON_BLOCKS = YES;
				GCC_WARN_64_TO_32_BIT_CONVERSION = YES;
				GCC_WARN_ABOUT_RETURN_TYPE = YES_ERROR;
				GCC_WARN_UNDECLARED_SELECTOR = YES;
				GCC_WARN_UNINITIALIZED_AUTOS = YES_AGGRESSIVE;
				GCC_WARN_UNUSED_FUNCTION = YES;
				GCC_WARN_UNUSED_VARIABLE = YES;
				IPHONEOS_DEPLOYMENT_TARGET = 17.0;
				LOCALIZATION_PREFERS_STRING_CATALOGS = YES;
				MTL_ENABLE_DEBUG_INFO = NO;
				MTL_FAST_MATH = YES;
				SDKROOT = iphoneos;
				SWIFT_COMPILATION_MODE = wholemodule;
				VALIDATE_PRODUCT = YES;
			};
			name = "Dev-Release";
		};
		1C8B104C2C4FDFF400DF6C75 /* Dev-Release */ = {
			isa = XCBuildConfiguration;
			baseConfigurationReference = 1C8B10542C4FE14300DF6C75 /* Dev.xcconfig */;
			buildSettings = {
				ASSETCATALOG_COMPILER_APPICON_NAME = AppIcon;
				ASSETCATALOG_COMPILER_GLOBAL_ACCENT_COLOR_NAME = AccentColor;
				CODE_SIGN_IDENTITY = "Apple Development";
				CODE_SIGN_STYLE = Automatic;
				CURRENT_PROJECT_VERSION = 1;
				DEVELOPMENT_TEAM = 6AM96KFAZ4;
				ENABLE_USER_SCRIPT_SANDBOXING = NO;
				GENERATE_INFOPLIST_FILE = YES;
				INFOPLIST_FILE = app/Info.plist;
				INFOPLIST_KEY_UIApplicationSupportsIndirectInputEvents = YES;
				INFOPLIST_KEY_UILaunchStoryboardName = LaunchScreen;
				INFOPLIST_KEY_UIMainStoryboardFile = Main;
				INFOPLIST_KEY_UISupportedInterfaceOrientations_iPad = "UIInterfaceOrientationPortrait UIInterfaceOrientationPortraitUpsideDown UIInterfaceOrientationLandscapeLeft UIInterfaceOrientationLandscapeRight";
				INFOPLIST_KEY_UISupportedInterfaceOrientations_iPhone = "UIInterfaceOrientationPortrait UIInterfaceOrientationLandscapeLeft UIInterfaceOrientationLandscapeRight";
				INFOPLIST_PREPROCESS = NO;
				IPHONEOS_DEPLOYMENT_TARGET = 15.0;
				LD_RUNPATH_SEARCH_PATHS = (
					"$(inherited)",
					"@executable_path/Frameworks",
				);
				MARKETING_VERSION = "$(APP_VERSION)";
				PRODUCT_BUNDLE_IDENTIFIER = "$(APP_BUNDLE_ID)";
				PRODUCT_NAME = "$(APP_NAME)";
				PROVISIONING_PROFILE_SPECIFIER = "";
				SWIFT_EMIT_LOC_STRINGS = YES;
				SWIFT_VERSION = 5.0;
				TARGETED_DEVICE_FAMILY = "1,2";
			};
			name = "Dev-Release";
		};
		1C8B104D2C4FDFF400DF6C75 /* Dev-Release */ = {
			isa = XCBuildConfiguration;
			baseConfigurationReference = 1C8B10542C4FE14300DF6C75 /* Dev.xcconfig */;
			buildSettings = {
				ALWAYS_EMBED_SWIFT_STANDARD_LIBRARIES = YES;
				BUNDLE_LOADER = "$(TEST_HOST)";
				CODE_SIGN_STYLE = Automatic;
				CURRENT_PROJECT_VERSION = 1;
				GENERATE_INFOPLIST_FILE = YES;
				IPHONEOS_DEPLOYMENT_TARGET = 17.0;
				MARKETING_VERSION = 1.0;
				PRODUCT_BUNDLE_IDENTIFIER = com.dotn.app.appTests;
				PRODUCT_NAME = "$(TARGET_NAME)";
				SWIFT_EMIT_LOC_STRINGS = NO;
				SWIFT_VERSION = 5.0;
				TARGETED_DEVICE_FAMILY = "1,2";
				TEST_HOST = "$(BUILT_PRODUCTS_DIR)/app.app/$(BUNDLE_EXECUTABLE_FOLDER_PATH)/app";
			};
			name = "Dev-Release";
		};
		1C8B104E2C4FDFF400DF6C75 /* Dev-Release */ = {
			isa = XCBuildConfiguration;
			baseConfigurationReference = 1C8B10542C4FE14300DF6C75 /* Dev.xcconfig */;
			buildSettings = {
				ALWAYS_EMBED_SWIFT_STANDARD_LIBRARIES = YES;
				CODE_SIGN_STYLE = Automatic;
				CURRENT_PROJECT_VERSION = 1;
				GENERATE_INFOPLIST_FILE = YES;
				MARKETING_VERSION = 1.0;
				PRODUCT_BUNDLE_IDENTIFIER = com.dotn.app.appUITests;
				PRODUCT_NAME = "$(TARGET_NAME)";
				SWIFT_EMIT_LOC_STRINGS = NO;
				SWIFT_VERSION = 5.0;
				TARGETED_DEVICE_FAMILY = "1,2";
				TEST_TARGET_NAME = app;
			};
			name = "Dev-Release";
		};
		1C8B104F2C4FE02200DF6C75 /* Stg-Debug */ = {
			isa = XCBuildConfiguration;
			baseConfigurationReference = 1C8B10552C4FE1BF00DF6C75 /* Staging.xcconfig */;
			buildSettings = {
				ALWAYS_SEARCH_USER_PATHS = NO;
				ASSETCATALOG_COMPILER_GENERATE_SWIFT_ASSET_SYMBOL_EXTENSIONS = YES;
				CLANG_ANALYZER_NONNULL = YES;
				CLANG_ANALYZER_NUMBER_OBJECT_CONVERSION = YES_AGGRESSIVE;
				CLANG_CXX_LANGUAGE_STANDARD = "gnu++20";
				CLANG_ENABLE_MODULES = YES;
				CLANG_ENABLE_OBJC_ARC = YES;
				CLANG_ENABLE_OBJC_WEAK = YES;
				CLANG_WARN_BLOCK_CAPTURE_AUTORELEASING = YES;
				CLANG_WARN_BOOL_CONVERSION = YES;
				CLANG_WARN_COMMA = YES;
				CLANG_WARN_CONSTANT_CONVERSION = YES;
				CLANG_WARN_DEPRECATED_OBJC_IMPLEMENTATIONS = YES;
				CLANG_WARN_DIRECT_OBJC_ISA_USAGE = YES_ERROR;
				CLANG_WARN_DOCUMENTATION_COMMENTS = YES;
				CLANG_WARN_EMPTY_BODY = YES;
				CLANG_WARN_ENUM_CONVERSION = YES;
				CLANG_WARN_INFINITE_RECURSION = YES;
				CLANG_WARN_INT_CONVERSION = YES;
				CLANG_WARN_NON_LITERAL_NULL_CONVERSION = YES;
				CLANG_WARN_OBJC_IMPLICIT_RETAIN_SELF = YES;
				CLANG_WARN_OBJC_LITERAL_CONVERSION = YES;
				CLANG_WARN_OBJC_ROOT_CLASS = YES_ERROR;
				CLANG_WARN_QUOTED_INCLUDE_IN_FRAMEWORK_HEADER = YES;
				CLANG_WARN_RANGE_LOOP_ANALYSIS = YES;
				CLANG_WARN_STRICT_PROTOTYPES = YES;
				CLANG_WARN_SUSPICIOUS_MOVE = YES;
				CLANG_WARN_UNGUARDED_AVAILABILITY = YES_AGGRESSIVE;
				CLANG_WARN_UNREACHABLE_CODE = YES;
				CLANG_WARN__DUPLICATE_METHOD_MATCH = YES;
				COPY_PHASE_STRIP = NO;
				DEBUG_INFORMATION_FORMAT = dwarf;
				ENABLE_STRICT_OBJC_MSGSEND = YES;
				ENABLE_TESTABILITY = YES;
				ENABLE_USER_SCRIPT_SANDBOXING = YES;
				GCC_C_LANGUAGE_STANDARD = gnu17;
				GCC_DYNAMIC_NO_PIC = NO;
				GCC_NO_COMMON_BLOCKS = YES;
				GCC_OPTIMIZATION_LEVEL = 0;
				GCC_PREPROCESSOR_DEFINITIONS = (
					"DEBUG=1",
					"$(inherited)",
				);
				GCC_WARN_64_TO_32_BIT_CONVERSION = YES;
				GCC_WARN_ABOUT_RETURN_TYPE = YES_ERROR;
				GCC_WARN_UNDECLARED_SELECTOR = YES;
				GCC_WARN_UNINITIALIZED_AUTOS = YES_AGGRESSIVE;
				GCC_WARN_UNUSED_FUNCTION = YES;
				GCC_WARN_UNUSED_VARIABLE = YES;
				IPHONEOS_DEPLOYMENT_TARGET = 17.0;
				LOCALIZATION_PREFERS_STRING_CATALOGS = YES;
				MTL_ENABLE_DEBUG_INFO = INCLUDE_SOURCE;
				MTL_FAST_MATH = YES;
				ONLY_ACTIVE_ARCH = YES;
				SDKROOT = iphoneos;
				SWIFT_ACTIVE_COMPILATION_CONDITIONS = "DEBUG $(inherited)";
				SWIFT_OPTIMIZATION_LEVEL = "-Onone";
			};
			name = "Stg-Debug";
		};
		1C8B10502C4FE02200DF6C75 /* Stg-Debug */ = {
			isa = XCBuildConfiguration;
			baseConfigurationReference = 1C8B10552C4FE1BF00DF6C75 /* Staging.xcconfig */;
			buildSettings = {
				ASSETCATALOG_COMPILER_APPICON_NAME = AppIcon;
				ASSETCATALOG_COMPILER_GLOBAL_ACCENT_COLOR_NAME = AccentColor;
				CODE_SIGN_IDENTITY = "Apple Development";
				CODE_SIGN_STYLE = Automatic;
				CURRENT_PROJECT_VERSION = 1;
				DEVELOPMENT_TEAM = 6AM96KFAZ4;
				ENABLE_USER_SCRIPT_SANDBOXING = NO;
				GENERATE_INFOPLIST_FILE = YES;
				INFOPLIST_FILE = app/Info.plist;
				INFOPLIST_KEY_UIApplicationSupportsIndirectInputEvents = YES;
				INFOPLIST_KEY_UILaunchStoryboardName = LaunchScreen;
				INFOPLIST_KEY_UIMainStoryboardFile = Main;
				INFOPLIST_KEY_UISupportedInterfaceOrientations_iPad = "UIInterfaceOrientationPortrait UIInterfaceOrientationPortraitUpsideDown UIInterfaceOrientationLandscapeLeft UIInterfaceOrientationLandscapeRight";
				INFOPLIST_KEY_UISupportedInterfaceOrientations_iPhone = "UIInterfaceOrientationPortrait UIInterfaceOrientationLandscapeLeft UIInterfaceOrientationLandscapeRight";
				INFOPLIST_PREPROCESS = NO;
				IPHONEOS_DEPLOYMENT_TARGET = 15.0;
				LD_RUNPATH_SEARCH_PATHS = (
					"$(inherited)",
					"@executable_path/Frameworks",
				);
				MARKETING_VERSION = "$(APP_VERSION)";
				PRODUCT_BUNDLE_IDENTIFIER = "$(APP_BUNDLE_ID)";
				PRODUCT_NAME = "$(APP_NAME)";
				PROVISIONING_PROFILE_SPECIFIER = "";
				SWIFT_EMIT_LOC_STRINGS = YES;
				SWIFT_VERSION = 5.0;
				TARGETED_DEVICE_FAMILY = "1,2";
			};
			name = "Stg-Debug";
		};
		1C8B10512C4FE02200DF6C75 /* Stg-Debug */ = {
			isa = XCBuildConfiguration;
			baseConfigurationReference = 1C8B10552C4FE1BF00DF6C75 /* Staging.xcconfig */;
			buildSettings = {
				ALWAYS_EMBED_SWIFT_STANDARD_LIBRARIES = YES;
				BUNDLE_LOADER = "$(TEST_HOST)";
				CODE_SIGN_STYLE = Automatic;
				CURRENT_PROJECT_VERSION = 1;
				GENERATE_INFOPLIST_FILE = YES;
				IPHONEOS_DEPLOYMENT_TARGET = 17.0;
				MARKETING_VERSION = 1.0;
				PRODUCT_BUNDLE_IDENTIFIER = com.dotn.app.appTests;
				PRODUCT_NAME = "$(TARGET_NAME)";
				SWIFT_EMIT_LOC_STRINGS = NO;
				SWIFT_VERSION = 5.0;
				TARGETED_DEVICE_FAMILY = "1,2";
				TEST_HOST = "$(BUILT_PRODUCTS_DIR)/app.app/$(BUNDLE_EXECUTABLE_FOLDER_PATH)/app";
			};
			name = "Stg-Debug";
		};
		1C8B10522C4FE02200DF6C75 /* Stg-Debug */ = {
			isa = XCBuildConfiguration;
			baseConfigurationReference = 1C8B10552C4FE1BF00DF6C75 /* Staging.xcconfig */;
			buildSettings = {
				ALWAYS_EMBED_SWIFT_STANDARD_LIBRARIES = YES;
				CODE_SIGN_STYLE = Automatic;
				CURRENT_PROJECT_VERSION = 1;
				GENERATE_INFOPLIST_FILE = YES;
				MARKETING_VERSION = 1.0;
				PRODUCT_BUNDLE_IDENTIFIER = com.dotn.app.appUITests;
				PRODUCT_NAME = "$(TARGET_NAME)";
				SWIFT_EMIT_LOC_STRINGS = NO;
				SWIFT_VERSION = 5.0;
				TARGETED_DEVICE_FAMILY = "1,2";
				TEST_TARGET_NAME = app;
			};
			name = "Stg-Debug";
		};
/* End XCBuildConfiguration section */

/* Begin XCConfigurationList section */
		1C8B10032C4FD59900DF6C75 /* Build configuration list for PBXProject "app" */ = {
			isa = XCConfigurationList;
			buildConfigurations = (
				1C8B10302C4FD59B00DF6C75 /* Debug */,
				1C8B104F2C4FE02200DF6C75 /* Stg-Debug */,
				1C8B10432C4FDF7800DF6C75 /* Dev-Debug */,
				1C8B10312C4FD59B00DF6C75 /* Release */,
				1C8B104B2C4FDFF400DF6C75 /* Dev-Release */,
				1C8B10472C4FDFB200DF6C75 /* Stg-Release */,
			);
			defaultConfigurationIsVisible = 0;
			defaultConfigurationName = Release;
		};
		1C8B10322C4FD59B00DF6C75 /* Build configuration list for PBXNativeTarget "app" */ = {
			isa = XCConfigurationList;
			buildConfigurations = (
				1C8B10332C4FD59B00DF6C75 /* Debug */,
				1C8B10502C4FE02200DF6C75 /* Stg-Debug */,
				1C8B10442C4FDF7800DF6C75 /* Dev-Debug */,
				1C8B10342C4FD59B00DF6C75 /* Release */,
				1C8B104C2C4FDFF400DF6C75 /* Dev-Release */,
				1C8B10482C4FDFB200DF6C75 /* Stg-Release */,
			);
			defaultConfigurationIsVisible = 0;
			defaultConfigurationName = Release;
		};
		1C8B10352C4FD59B00DF6C75 /* Build configuration list for PBXNativeTarget "appTests" */ = {
			isa = XCConfigurationList;
			buildConfigurations = (
				1C8B10362C4FD59B00DF6C75 /* Debug */,
				1C8B10512C4FE02200DF6C75 /* Stg-Debug */,
				1C8B10452C4FDF7800DF6C75 /* Dev-Debug */,
				1C8B10372C4FD59B00DF6C75 /* Release */,
				1C8B104D2C4FDFF400DF6C75 /* Dev-Release */,
				1C8B10492C4FDFB200DF6C75 /* Stg-Release */,
			);
			defaultConfigurationIsVisible = 0;
			defaultConfigurationName = Release;
		};
		1C8B10382C4FD59B00DF6C75 /* Build configuration list for PBXNativeTarget "appUITests" */ = {
			isa = XCConfigurationList;
			buildConfigurations = (
				1C8B10392C4FD59B00DF6C75 /* Debug */,
				1C8B10522C4FE02200DF6C75 /* Stg-Debug */,
				1C8B10462C4FDF7800DF6C75 /* Dev-Debug */,
				1C8B103A2C4FD59B00DF6C75 /* Release */,
				1C8B104E2C4FDFF400DF6C75 /* Dev-Release */,
				1C8B104A2C4FDFB200DF6C75 /* Stg-Release */,
			);
			defaultConfigurationIsVisible = 0;
			defaultConfigurationName = Release;
		};
/* End XCConfigurationList section */
	};
	rootObject = 1C8B10002C4FD59900DF6C75 /* Project object */;
}
