// !$*UTF8*$!
{
	archiveVersion = 1;
	classes = {
	};
	objectVersion = 56;
	objects = {

/* Begin PBXBuildFile section */
		1C649F722C612385002805A0 /* GetListUserRequest.swift in Sources */ = {isa = PBXBuildFile; fileRef = 1C649F712C612385002805A0 /* GetListUserRequest.swift */; };
		1C649F752C612641002805A0 /* UserModel.swift in Sources */ = {isa = PBXBuildFile; fileRef = 1C649F742C612641002805A0 /* UserModel.swift */; };
		1C649F772C612FC9002805A0 /* CreatePostRequest.swift in Sources */ = {isa = PBXBuildFile; fileRef = 1C649F762C612FC9002805A0 /* CreatePostRequest.swift */; };
		1C8B100C2C4FD59900DF6C75 /* AppDelegate.swift in Sources */ = {isa = PBXBuildFile; fileRef = 1C8B100B2C4FD59900DF6C75 /* AppDelegate.swift */; };
		1C8B100E2C4FD59900DF6C75 /* SceneDelegate.swift in Sources */ = {isa = PBXBuildFile; fileRef = 1C8B100D2C4FD59900DF6C75 /* SceneDelegate.swift */; };
		1C8B10102C4FD59900DF6C75 /* ViewController.swift in Sources */ = {isa = PBXBuildFile; fileRef = 1C8B100F2C4FD59900DF6C75 /* ViewController.swift */; };
		1C8B10132C4FD59900DF6C75 /* Main.storyboard in Resources */ = {isa = PBXBuildFile; fileRef = 1C8B10112C4FD59900DF6C75 /* Main.storyboard */; };
		1C8B10152C4FD59B00DF6C75 /* Assets.xcassets in Resources */ = {isa = PBXBuildFile; fileRef = 1C8B10142C4FD59B00DF6C75 /* Assets.xcassets */; };
		1C8B10182C4FD59B00DF6C75 /* LaunchScreen.storyboard in Resources */ = {isa = PBXBuildFile; fileRef = 1C8B10162C4FD59B00DF6C75 /* LaunchScreen.storyboard */; };
		1C8B10232C4FD59B00DF6C75 /* appTests.swift in Sources */ = {isa = PBXBuildFile; fileRef = 1C8B10222C4FD59B00DF6C75 /* appTests.swift */; };
		1C8B102D2C4FD59B00DF6C75 /* appUITests.swift in Sources */ = {isa = PBXBuildFile; fileRef = 1C8B102C2C4FD59B00DF6C75 /* appUITests.swift */; };
		1C8B102F2C4FD59B00DF6C75 /* appUITestsLaunchTests.swift in Sources */ = {isa = PBXBuildFile; fileRef = 1C8B102E2C4FD59B00DF6C75 /* appUITestsLaunchTests.swift */; };
		1C8B105C2C4FEBD700DF6C75 /* GoogleService-Info.plist in Resources */ = {isa = PBXBuildFile; fileRef = 1C8B105B2C4FEBD600DF6C75 /* GoogleService-Info.plist */; };
		1CC341872C515E5F00EC0551 /* ApiClient.swift in Sources */ = {isa = PBXBuildFile; fileRef = 1CC341862C515E5F00EC0551 /* ApiClient.swift */; };
		1CC341892C5160BF00EC0551 /* ApiResponse.swift in Sources */ = {isa = PBXBuildFile; fileRef = 1CC341882C5160BF00EC0551 /* ApiResponse.swift */; };
		1CC3418B2C516A8D00EC0551 /* Endpoint.swift in Sources */ = {isa = PBXBuildFile; fileRef = 1CC3418A2C516A8D00EC0551 /* Endpoint.swift */; };
		DE4220D72C6369CB00431B83 /* Codeable+Extension.swift in Sources */ = {isa = PBXBuildFile; fileRef = DE4220D62C6369CB00431B83 /* Codeable+Extension.swift */; };
		DE4220D92C6375E200431B83 /* ApiClient+Logger.swift in Sources */ = {isa = PBXBuildFile; fileRef = DE4220D82C6375E200431B83 /* ApiClient+Logger.swift */; };
/* End PBXBuildFile section */

/* Begin PBXContainerItemProxy section */
		1C8B101F2C4FD59B00DF6C75 /* PBXContainerItemProxy */ = {
			isa = PBXContainerItemProxy;
			containerPortal = 1C8B10002C4FD59900DF6C75 /* Project object */;
			proxyType = 1;
			remoteGlobalIDString = 1C8B10072C4FD59900DF6C75;
			remoteInfo = app;
		};
		1C8B10292C4FD59B00DF6C75 /* PBXContainerItemProxy */ = {
			isa = PBXContainerItemProxy;
			containerPortal = 1C8B10002C4FD59900DF6C75 /* Project object */;
			proxyType = 1;
			remoteGlobalIDString = 1C8B10072C4FD59900DF6C75;
			remoteInfo = app;
		};
/* End PBXContainerItemProxy section */

/* Begin PBXFileReference section */
		1C649F712C612385002805A0 /* GetListUserRequest.swift */ = {isa = PBXFileReference; lastKnownFileType = sourcecode.swift; path = GetListUserRequest.swift; sourceTree = "<group>"; };
		1C649F742C612641002805A0 /* UserModel.swift */ = {isa = PBXFileReference; lastKnownFileType = sourcecode.swift; path = UserModel.swift; sourceTree = "<group>"; };
		1C649F762C612FC9002805A0 /* CreatePostRequest.swift */ = {isa = PBXFileReference; lastKnownFileType = sourcecode.swift; path = CreatePostRequest.swift; sourceTree = "<group>"; };
		1C8B10082C4FD59900DF6C75 /* App.app */ = {isa = PBXFileReference; explicitFileType = wrapper.application; includeInIndex = 0; path = App.app; sourceTree = BUILT_PRODUCTS_DIR; };
		1C8B100B2C4FD59900DF6C75 /* AppDelegate.swift */ = {isa = PBXFileReference; lastKnownFileType = sourcecode.swift; path = AppDelegate.swift; sourceTree = "<group>"; };
		1C8B100D2C4FD59900DF6C75 /* SceneDelegate.swift */ = {isa = PBXFileReference; lastKnownFileType = sourcecode.swift; path = SceneDelegate.swift; sourceTree = "<group>"; };
		1C8B100F2C4FD59900DF6C75 /* ViewController.swift */ = {isa = PBXFileReference; lastKnownFileType = sourcecode.swift; path = ViewController.swift; sourceTree = "<group>"; };
		1C8B10122C4FD59900DF6C75 /* Base */ = {isa = PBXFileReference; lastKnownFileType = file.storyboard; name = Base; path = Base.lproj/Main.storyboard; sourceTree = "<group>"; };
		1C8B10142C4FD59B00DF6C75 /* Assets.xcassets */ = {isa = PBXFileReference; lastKnownFileType = folder.assetcatalog; path = Assets.xcassets; sourceTree = "<group>"; };
		1C8B10172C4FD59B00DF6C75 /* Base */ = {isa = PBXFileReference; lastKnownFileType = file.storyboard; name = Base; path = Base.lproj/LaunchScreen.storyboard; sourceTree = "<group>"; };
		1C8B10192C4FD59B00DF6C75 /* Info.plist */ = {isa = PBXFileReference; lastKnownFileType = text.plist.xml; path = Info.plist; sourceTree = "<group>"; };
		1C8B101E2C4FD59B00DF6C75 /* appTests.xctest */ = {isa = PBXFileReference; explicitFileType = wrapper.cfbundle; includeInIndex = 0; path = appTests.xctest; sourceTree = BUILT_PRODUCTS_DIR; };
		1C8B10222C4FD59B00DF6C75 /* appTests.swift */ = {isa = PBXFileReference; lastKnownFileType = sourcecode.swift; path = appTests.swift; sourceTree = "<group>"; };
		1C8B10282C4FD59B00DF6C75 /* appUITests.xctest */ = {isa = PBXFileReference; explicitFileType = wrapper.cfbundle; includeInIndex = 0; path = appUITests.xctest; sourceTree = BUILT_PRODUCTS_DIR; };
		1C8B102C2C4FD59B00DF6C75 /* appUITests.swift */ = {isa = PBXFileReference; lastKnownFileType = sourcecode.swift; path = appUITests.swift; sourceTree = "<group>"; };
		1C8B102E2C4FD59B00DF6C75 /* appUITestsLaunchTests.swift */ = {isa = PBXFileReference; lastKnownFileType = sourcecode.swift; path = appUITestsLaunchTests.swift; sourceTree = "<group>"; };
		1C8B10542C4FE14300DF6C75 /* Dev.xcconfig */ = {isa = PBXFileReference; lastKnownFileType = text.xcconfig; path = Dev.xcconfig; sourceTree = "<group>"; };
		1C8B10552C4FE1BF00DF6C75 /* Staging.xcconfig */ = {isa = PBXFileReference; lastKnownFileType = text.xcconfig; path = Staging.xcconfig; sourceTree = "<group>"; };
		1C8B10562C4FE1E300DF6C75 /* Product.xcconfig */ = {isa = PBXFileReference; lastKnownFileType = text.xcconfig; path = Product.xcconfig; sourceTree = "<group>"; };
		1C8B105B2C4FEBD600DF6C75 /* GoogleService-Info.plist */ = {isa = PBXFileReference; fileEncoding = 4; lastKnownFileType = text.plist.xml; path = "GoogleService-Info.plist"; sourceTree = "<group>"; };
		1CC341862C515E5F00EC0551 /* ApiClient.swift */ = {isa = PBXFileReference; lastKnownFileType = sourcecode.swift; path = ApiClient.swift; sourceTree = "<group>"; };
		1CC341882C5160BF00EC0551 /* ApiResponse.swift */ = {isa = PBXFileReference; lastKnownFileType = sourcecode.swift; path = ApiResponse.swift; sourceTree = "<group>"; };
		1CC3418A2C516A8D00EC0551 /* Endpoint.swift */ = {isa = PBXFileReference; lastKnownFileType = sourcecode.swift; path = Endpoint.swift; sourceTree = "<group>"; };
		DE4220D62C6369CB00431B83 /* Codeable+Extension.swift */ = {isa = PBXFileReference; lastKnownFileType = sourcecode.swift; path = "Codeable+Extension.swift"; sourceTree = "<group>"; };
		DE4220D82C6375E200431B83 /* ApiClient+Logger.swift */ = {isa = PBXFileReference; lastKnownFileType = sourcecode.swift; path = "ApiClient+Logger.swift"; sourceTree = "<group>"; };
/* End PBXFileReference section */

/* Begin PBXFrameworksBuildPhase section */
		1C8B10052C4FD59900DF6C75 /* Frameworks */ = {
			isa = PBXFrameworksBuildPhase;
			buildActionMask = 2147483647;
			files = (
			);
			runOnlyForDeploymentPostprocessing = 0;
		};
		1C8B101B2C4FD59B00DF6C75 /* Frameworks */ = {
			isa = PBXFrameworksBuildPhase;
			buildActionMask = 2147483647;
			files = (
			);
			runOnlyForDeploymentPostprocessing = 0;
		};
		1C8B10252C4FD59B00DF6C75 /* Frameworks */ = {
			isa = PBXFrameworksBuildPhase;
			buildActionMask = 2147483647;
			files = (
			);
			runOnlyForDeploymentPostprocessing = 0;
		};
/* End PBXFrameworksBuildPhase section */

/* Begin PBXGroup section */
		1C649F702C612367002805A0 /* requests */ = {
			isa = PBXGroup;
			children = (
				1C649F712C612385002805A0 /* GetListUserRequest.swift */,
				1C649F762C612FC9002805A0 /* CreatePostRequest.swift */,
			);
			path = requests;
			sourceTree = "<group>";
		};
		1C649F732C6125C1002805A0 /* Entities */ = {
			isa = PBXGroup;
			children = (
				1C649F742C612641002805A0 /* UserModel.swift */,
			);
			path = Entities;
			sourceTree = "<group>";
		};
		1C8B0FFF2C4FD59900DF6C75 = {
			isa = PBXGroup;
			children = (
				1C8B100A2C4FD59900DF6C75 /* app */,
				1C8B10212C4FD59B00DF6C75 /* appTests */,
				1C8B102B2C4FD59B00DF6C75 /* appUITests */,
				1C8B10092C4FD59900DF6C75 /* Products */,
			);
			sourceTree = "<group>";
		};
		1C8B10092C4FD59900DF6C75 /* Products */ = {
			isa = PBXGroup;
			children = (
				1C8B10082C4FD59900DF6C75 /* App.app */,
				1C8B101E2C4FD59B00DF6C75 /* appTests.xctest */,
				1C8B10282C4FD59B00DF6C75 /* appUITests.xctest */,
			);
			name = Products;
			sourceTree = "<group>";
		};
		1C8B100A2C4FD59900DF6C75 /* app */ = {
			isa = PBXGroup;
			children = (
				1C8B100B2C4FD59900DF6C75 /* AppDelegate.swift */,
				1C8B100D2C4FD59900DF6C75 /* SceneDelegate.swift */,
				1C8B10532C4FE12400DF6C75 /* Config */,
				1C649F732C6125C1002805A0 /* Entities */,
				1CC341842C515C9D00EC0551 /* Core */,
				1C8B100F2C4FD59900DF6C75 /* ViewController.swift */,
				1C8B10112C4FD59900DF6C75 /* Main.storyboard */,
				1C8B10162C4FD59B00DF6C75 /* LaunchScreen.storyboard */,
				DE4220D52C6369B100431B83 /* Extensions */,
				1C8B103D2C4FD6BA00DF6C75 /* Resources */,
			);
			path = app;
			sourceTree = "<group>";
		};
		1C8B10212C4FD59B00DF6C75 /* appTests */ = {
			isa = PBXGroup;
			children = (
				1C8B10222C4FD59B00DF6C75 /* appTests.swift */,
			);
			path = appTests;
			sourceTree = "<group>";
		};
		1C8B102B2C4FD59B00DF6C75 /* appUITests */ = {
			isa = PBXGroup;
			children = (
				1C8B102C2C4FD59B00DF6C75 /* appUITests.swift */,
				1C8B102E2C4FD59B00DF6C75 /* appUITestsLaunchTests.swift */,
			);
			path = appUITests;
			sourceTree = "<group>";
		};
		1C8B103D2C4FD6BA00DF6C75 /* Resources */ = {
			isa = PBXGroup;
			children = (
				1C8B10142C4FD59B00DF6C75 /* Assets.xcassets */,
				1C8B105B2C4FEBD600DF6C75 /* GoogleService-Info.plist */,
				1C8B10192C4FD59B00DF6C75 /* Info.plist */,
			);
			path = Resources;
			sourceTree = "<group>";
		};
		1C8B10532C4FE12400DF6C75 /* Config */ = {
			isa = PBXGroup;
			children = (
				1C8B10542C4FE14300DF6C75 /* Dev.xcconfig */,
				1C8B10552C4FE1BF00DF6C75 /* Staging.xcconfig */,
				1C8B10562C4FE1E300DF6C75 /* Product.xcconfig */,
			);
			path = Config;
			sourceTree = "<group>";
		};
		1CC341842C515C9D00EC0551 /* Core */ = {
			isa = PBXGroup;
			children = (
				1CC341852C515E4A00EC0551 /* Network */,
			);
			path = Core;
			sourceTree = "<group>";
		};
		1CC341852C515E4A00EC0551 /* Network */ = {
			isa = PBXGroup;
			children = (
				1C649F702C612367002805A0 /* requests */,
				1CC341862C515E5F00EC0551 /* ApiClient.swift */,
				1CC341882C5160BF00EC0551 /* ApiResponse.swift */,
				1CC3418A2C516A8D00EC0551 /* Endpoint.swift */,
				DE4220D82C6375E200431B83 /* ApiClient+Logger.swift */,
			);
			path = Network;
			sourceTree = "<group>";
		};
		DE4220D52C6369B100431B83 /* Extensions */ = {
			isa = PBXGroup;
			children = (
				DE4220D62C6369CB00431B83 /* Codeable+Extension.swift */,
			);
			path = Extensions;
			sourceTree = "<group>";
		};
/* End PBXGroup section */

/* Begin PBXNativeTarget section */
		1C8B10072C4FD59900DF6C75 /* app */ = {
			isa = PBXNativeTarget;
			buildConfigurationList = 1C8B10322C4FD59B00DF6C75 /* Build configuration list for PBXNativeTarget "app" */;
			buildPhases = (
				1C8B10042C4FD59900DF6C75 /* Sources */,
				1C8B10052C4FD59900DF6C75 /* Frameworks */,
				1C8B10062C4FD59900DF6C75 /* Resources */,
				1C8B10602C4FF4C300DF6C75 /* ShellScript */,
			);
			buildRules = (
			);
			dependencies = (
			);
			name = app;
			productName = app;
			productReference = 1C8B10082C4FD59900DF6C75 /* App.app */;
			productType = "com.apple.product-type.application";
		};
		1C8B101D2C4FD59B00DF6C75 /* appTests */ = {
			isa = PBXNativeTarget;
			buildConfigurationList = 1C8B10352C4FD59B00DF6C75 /* Build configuration list for PBXNativeTarget "appTests" */;
			buildPhases = (
				1C8B101A2C4FD59B00DF6C75 /* Sources */,
				1C8B101B2C4FD59B00DF6C75 /* Frameworks */,
				1C8B101C2C4FD59B00DF6C75 /* Resources */,
			);
			buildRules = (
			);
			dependencies = (
				1C8B10202C4FD59B00DF6C75 /* PBXTargetDependency */,
			);
			name = appTests;
			productName = appTests;
			productReference = 1C8B101E2C4FD59B00DF6C75 /* appTests.xctest */;
			productType = "com.apple.product-type.bundle.unit-test";
		};
		1C8B10272C4FD59B00DF6C75 /* appUITests */ = {
			isa = PBXNativeTarget;
			buildConfigurationList = 1C8B10382C4FD59B00DF6C75 /* Build configuration list for PBXNativeTarget "appUITests" */;
			buildPhases = (
				1C8B10242C4FD59B00DF6C75 /* Sources */,
				1C8B10252C4FD59B00DF6C75 /* Frameworks */,
				1C8B10262C4FD59B00DF6C75 /* Resources */,
			);
			buildRules = (
			);
			dependencies = (
				1C8B102A2C4FD59B00DF6C75 /* PBXTargetDependency */,
			);
			name = appUITests;
			productName = appUITests;
			productReference = 1C8B10282C4FD59B00DF6C75 /* appUITests.xctest */;
			productType = "com.apple.product-type.bundle.ui-testing";
		};
/* End PBXNativeTarget section */

/* Begin PBXProject section */
		1C8B10002C4FD59900DF6C75 /* Project object */ = {
			isa = PBXProject;
			attributes = {
				BuildIndependentTargetsInParallel = 1;
				LastSwiftUpdateCheck = 1500;
				LastUpgradeCheck = 1500;
				TargetAttributes = {
					1C8B10072C4FD59900DF6C75 = {
						CreatedOnToolsVersion = 15.0;
					};
					1C8B101D2C4FD59B00DF6C75 = {
						CreatedOnToolsVersion = 15.0;
						TestTargetID = 1C8B10072C4FD59900DF6C75;
					};
					1C8B10272C4FD59B00DF6C75 = {
						CreatedOnToolsVersion = 15.0;
						TestTargetID = 1C8B10072C4FD59900DF6C75;
					};
				};
			};
			buildConfigurationList = 1C8B10032C4FD59900DF6C75 /* Build configuration list for PBXProject "app" */;
			compatibilityVersion = "Xcode 14.0";
			developmentRegion = en;
			hasScannedForEncodings = 0;
			knownRegions = (
				en,
				Base,
			);
			mainGroup = 1C8B0FFF2C4FD59900DF6C75;
			productRefGroup = 1C8B10092C4FD59900DF6C75 /* Products */;
			projectDirPath = "";
			projectRoot = "";
			targets = (
				1C8B10072C4FD59900DF6C75 /* app */,
				1C8B101D2C4FD59B00DF6C75 /* appTests */,
				1C8B10272C4FD59B00DF6C75 /* appUITests */,
			);
		};
/* End PBXProject section */

/* Begin PBXResourcesBuildPhase section */
		1C8B10062C4FD59900DF6C75 /* Resources */ = {
			isa = PBXResourcesBuildPhase;
			buildActionMask = 2147483647;
			files = (
				1C8B10182C4FD59B00DF6C75 /* LaunchScreen.storyboard in Resources */,
				1C8B105C2C4FEBD700DF6C75 /* GoogleService-Info.plist in Resources */,
				1C8B10152C4FD59B00DF6C75 /* Assets.xcassets in Resources */,
				1C8B10132C4FD59900DF6C75 /* Main.storyboard in Resources */,
			);
			runOnlyForDeploymentPostprocessing = 0;
		};
		1C8B101C2C4FD59B00DF6C75 /* Resources */ = {
			isa = PBXResourcesBuildPhase;
			buildActionMask = 2147483647;
			files = (
			);
			runOnlyForDeploymentPostprocessing = 0;
		};
		1C8B10262C4FD59B00DF6C75 /* Resources */ = {
			isa = PBXResourcesBuildPhase;
			buildActionMask = 2147483647;
			files = (
			);
			runOnlyForDeploymentPostprocessing = 0;
		};
/* End PBXResourcesBuildPhase section */

/* Begin PBXShellScriptBuildPhase section */
		1C8B10602C4FF4C300DF6C75 /* ShellScript */ = {
			isa = PBXShellScriptBuildPhase;
			alwaysOutOfDate = 1;
			buildActionMask = 2147483647;
			files = (
			);
			inputFileListPaths = (
			);
			inputPaths = (
			);
			outputFileListPaths = (
			);
			outputPaths = (
			);
			runOnlyForDeploymentPostprocessing = 0;
			shellPath = /bin/sh;
			shellScript = "# Type a script or drag a script file from your workspace to insert its path.\necho \"${CONFIGURATION}\";\n\nenv=\"Prod\"\n\nif [[ $CONFIGURATION =~ ^([^-]*)- ]]; then\n    env=${BASH_REMATCH[1]}\nfi\n\nif [ \"$env\" == \"Dev\" ]; then\n    echo \"Setting up Development environment...\"\nelif [ \"$env\" == \"Stg\" ]; then\n    echo \"Setting up Staging environment...\"\nelse\n    env=\"Prod\"\nfi\n\necho $env\n\ncp \"${PROJECT_DIR}/Firebase/${env}.plist\" \"${PROJECT_DIR}/app/Resources/GoogleService-Info.plist\"\n";
		};
/* End PBXShellScriptBuildPhase section */

/* Begin PBXSourcesBuildPhase section */
		1C8B10042C4FD59900DF6C75 /* Sources */ = {
			isa = PBXSourcesBuildPhase;
			buildActionMask = 2147483647;
			files = (
				1C8B10102C4FD59900DF6C75 /* ViewController.swift in Sources */,
				DE4220D92C6375E200431B83 /* ApiClient+Logger.swift in Sources */,
				1C649F722C612385002805A0 /* GetListUserRequest.swift in Sources */,
				DE4220D72C6369CB00431B83 /* Codeable+Extension.swift in Sources */,
				1C649F752C612641002805A0 /* UserModel.swift in Sources */,
				1C8B100C2C4FD59900DF6C75 /* AppDelegate.swift in Sources */,
				1C8B100E2C4FD59900DF6C75 /* SceneDelegate.swift in Sources */,
				1CC341892C5160BF00EC0551 /* ApiResponse.swift in Sources */,
				1CC3418B2C516A8D00EC0551 /* Endpoint.swift in Sources */,
				1CC341872C515E5F00EC0551 /* ApiClient.swift in Sources */,
				1C649F772C612FC9002805A0 /* CreatePostRequest.swift in Sources */,
			);
			runOnlyForDeploymentPostprocessing = 0;
		};
		1C8B101A2C4FD59B00DF6C75 /* Sources */ = {
			isa = PBXSourcesBuildPhase;
			buildActionMask = 2147483647;
			files = (
				1C8B10232C4FD59B00DF6C75 /* appTests.swift in Sources */,
			);
			runOnlyForDeploymentPostprocessing = 0;
		};
		1C8B10242C4FD59B00DF6C75 /* Sources */ = {
			isa = PBXSourcesBuildPhase;
			buildActionMask = 2147483647;
			files = (
				1C8B102F2C4FD59B00DF6C75 /* appUITestsLaunchTests.swift in Sources */,
				1C8B102D2C4FD59B00DF6C75 /* appUITests.swift in Sources */,
			);
			runOnlyForDeploymentPostprocessing = 0;
		};
/* End PBXSourcesBuildPhase section */

/* Begin PBXTargetDependency section */
		1C8B10202C4FD59B00DF6C75 /* PBXTargetDependency */ = {
			isa = PBXTargetDependency;
			target = 1C8B10072C4FD59900DF6C75 /* app */;
			targetProxy = 1C8B101F2C4FD59B00DF6C75 /* PBXContainerItemProxy */;
		};
		1C8B102A2C4FD59B00DF6C75 /* PBXTargetDependency */ = {
			isa = PBXTargetDependency;
			target = 1C8B10072C4FD59900DF6C75 /* app */;
			targetProxy = 1C8B10292C4FD59B00DF6C75 /* PBXContainerItemProxy */;
		};
/* End PBXTargetDependency section */

/* Begin PBXVariantGroup section */
		1C8B10112C4FD59900DF6C75 /* Main.storyboard */ = {
			isa = PBXVariantGroup;
			children = (
				1C8B10122C4FD59900DF6C75 /* Base */,
			);
			name = Main.storyboard;
			sourceTree = "<group>";
		};
		1C8B10162C4FD59B00DF6C75 /* LaunchScreen.storyboard */ = {
			isa = PBXVariantGroup;
			children = (
				1C8B10172C4FD59B00DF6C75 /* Base */,
			);
			name = LaunchScreen.storyboard;
			sourceTree = "<group>";
		};
/* End PBXVariantGroup section */

/* Begin XCBuildConfiguration section */
		1C8B10302C4FD59B00DF6C75 /* Debug */ = {
			isa = XCBuildConfiguration;
			baseConfigurationReference = 1C8B10562C4FE1E300DF6C75 /* Product.xcconfig */;
			buildSettings = {
				ALWAYS_SEARCH_USER_PATHS = NO;
				ASSETCATALOG_COMPILER_GENERATE_SWIFT_ASSET_SYMBOL_EXTENSIONS = YES;
				CLANG_ANALYZER_NONNULL = YES;
				CLANG_ANALYZER_NUMBER_OBJECT_CONVERSION = YES_AGGRESSIVE;
				CLANG_CXX_LANGUAGE_STANDARD = "gnu++20";
				CLANG_ENABLE_MODULES = YES;
				CLANG_ENABLE_OBJC_ARC = YES;
				CLANG_ENABLE_OBJC_WEAK = YES;
				CLANG_WARN_BLOCK_CAPTURE_AUTORELEASING = YES;
				CLANG_WARN_BOOL_CONVERSION = YES;
				CLANG_WARN_COMMA = YES;
				CLANG_WARN_CONSTANT_CONVERSION = YES;
				CLANG_WARN_DEPRECATED_OBJC_IMPLEMENTATIONS = YES;
				CLANG_WARN_DIRECT_OBJC_ISA_USAGE = YES_ERROR;
				CLANG_WARN_DOCUMENTATION_COMMENTS = YES;
				CLANG_WARN_EMPTY_BODY = YES;
				CLANG_WARN_ENUM_CONVERSION = YES;
				CLANG_WARN_INFINITE_RECURSION = YES;
				CLANG_WARN_INT_CONVERSION = YES;
				CLANG_WARN_NON_LITERAL_NULL_CONVERSION = YES;
				CLANG_WARN_OBJC_IMPLICIT_RETAIN_SELF = YES;
				CLANG_WARN_OBJC_LITERAL_CONVERSION = YES;
				CLANG_WARN_OBJC_ROOT_CLASS = YES_ERROR;
				CLANG_WARN_QUOTED_INCLUDE_IN_FRAMEWORK_HEADER = YES;
				CLANG_WARN_RANGE_LOOP_ANALYSIS = YES;
				CLANG_WARN_STRICT_PROTOTYPES = YES;
				CLANG_WARN_SUSPICIOUS_MOVE = YES;
				CLANG_WARN_UNGUARDED_AVAILABILITY = YES_AGGRESSIVE;
				CLANG_WARN_UNREACHABLE_CODE = YES;
				CLANG_WARN__DUPLICATE_METHOD_MATCH = YES;
				COPY_PHASE_STRIP = NO;
				DEBUG_INFORMATION_FORMAT = dwarf;
				ENABLE_STRICT_OBJC_MSGSEND = YES;
				ENABLE_TESTABILITY = YES;
				ENABLE_USER_SCRIPT_SANDBOXING = YES;
				GCC_C_LANGUAGE_STANDARD = gnu17;
				GCC_DYNAMIC_NO_PIC = NO;
				GCC_NO_COMMON_BLOCKS = YES;
				GCC_OPTIMIZATION_LEVEL = 0;
				GCC_PREPROCESSOR_DEFINITIONS = (
					"DEBUG=1",
					"$(inherited)",
				);
				GCC_WARN_64_TO_32_BIT_CONVERSION = YES;
				GCC_WARN_ABOUT_RETURN_TYPE = YES_ERROR;
				GCC_WARN_UNDECLARED_SELECTOR = YES;
				GCC_WARN_UNINITIALIZED_AUTOS = YES_AGGRESSIVE;
				GCC_WARN_UNUSED_FUNCTION = YES;
				GCC_WARN_UNUSED_VARIABLE = YES;
				IPHONEOS_DEPLOYMENT_TARGET = 17.0;
				LOCALIZATION_PREFERS_STRING_CATALOGS = YES;
				MTL_ENABLE_DEBUG_INFO = INCLUDE_SOURCE;
				MTL_FAST_MATH = YES;
				ONLY_ACTIVE_ARCH = YES;
				SDKROOT = iphoneos;
				SWIFT_ACTIVE_COMPILATION_CONDITIONS = "DEBUG $(inherited)";
				SWIFT_OPTIMIZATION_LEVEL = "-Onone";
			};
			name = Debug;
		};
		1C8B10312C4FD59B00DF6C75 /* Release */ = {
			isa = XCBuildConfiguration;
			baseConfigurationReference = 1C8B10562C4FE1E300DF6C75 /* Product.xcconfig */;
			buildSettings = {
				ALWAYS_SEARCH_USER_PATHS = NO;
				ASSETCATALOG_COMPILER_GENERATE_SWIFT_ASSET_SYMBOL_EXTENSIONS = YES;
				CLANG_ANALYZER_NONNULL = YES;
				CLANG_ANALYZER_NUMBER_OBJECT_CONVERSION = YES_AGGRESSIVE;
				CLANG_CXX_LANGUAGE_STANDARD = "gnu++20";
				CLANG_ENABLE_MODULES = YES;
				CLANG_ENABLE_OBJC_ARC = YES;
				CLANG_ENABLE_OBJC_WEAK = YES;
				CLANG_WARN_BLOCK_CAPTURE_AUTORELEASING = YES;
				CLANG_WARN_BOOL_CONVERSION = YES;
				CLANG_WARN_COMMA = YES;
				CLANG_WARN_CONSTANT_CONVERSION = YES;
				CLANG_WARN_DEPRECATED_OBJC_IMPLEMENTATIONS = YES;
				CLANG_WARN_DIRECT_OBJC_ISA_USAGE = YES_ERROR;
				CLANG_WARN_DOCUMENTATION_COMMENTS = YES;
				CLANG_WARN_EMPTY_BODY = YES;
				CLANG_WARN_ENUM_CONVERSION = YES;
				CLANG_WARN_INFINITE_RECURSION = YES;
				CLANG_WARN_INT_CONVERSION = YES;
				CLANG_WARN_NON_LITERAL_NULL_CONVERSION = YES;
				CLANG_WARN_OBJC_IMPLICIT_RETAIN_SELF = YES;
				CLANG_WARN_OBJC_LITERAL_CONVERSION = YES;
				CLANG_WARN_OBJC_ROOT_CLASS = YES_ERROR;
				CLANG_WARN_QUOTED_INCLUDE_IN_FRAMEWORK_HEADER = YES;
				CLANG_WARN_RANGE_LOOP_ANALYSIS = YES;
				CLANG_WARN_STRICT_PROTOTYPES = YES;
				CLANG_WARN_SUSPICIOUS_MOVE = YES;
				CLANG_WARN_UNGUARDED_AVAILABILITY = YES_AGGRESSIVE;
				CLANG_WARN_UNREACHABLE_CODE = YES;
				CLANG_WARN__DUPLICATE_METHOD_MATCH = YES;
				COPY_PHASE_STRIP = NO;
				DEBUG_INFORMATION_FORMAT = "dwarf-with-dsym";
				ENABLE_NS_ASSERTIONS = NO;
				ENABLE_STRICT_OBJC_MSGSEND = YES;
				ENABLE_USER_SCRIPT_SANDBOXING = YES;
				GCC_C_LANGUAGE_STANDARD = gnu17;
				GCC_NO_COMMON_BLOCKS = YES;
				GCC_WARN_64_TO_32_BIT_CONVERSION = YES;
				GCC_WARN_ABOUT_RETURN_TYPE = YES_ERROR;
				GCC_WARN_UNDECLARED_SELECTOR = YES;
				GCC_WARN_UNINITIALIZED_AUTOS = YES_AGGRESSIVE;
				GCC_WARN_UNUSED_FUNCTION = YES;
				GCC_WARN_UNUSED_VARIABLE = YES;
				IPHONEOS_DEPLOYMENT_TARGET = 17.0;
				LOCALIZATION_PREFERS_STRING_CATALOGS = YES;
				MTL_ENABLE_DEBUG_INFO = NO;
				MTL_FAST_MATH = YES;
				SDKROOT = iphoneos;
				SWIFT_COMPILATION_MODE = wholemodule;
				VALIDATE_PRODUCT = YES;
			};
			name = Release;
		};
		1C8B10332C4FD59B00DF6C75 /* Debug */ = {
			isa = XCBuildConfiguration;
			baseConfigurationReference = 1C8B10562C4FE1E300DF6C75 /* Product.xcconfig */;
			buildSettings = {
				ASSETCATALOG_COMPILER_APPICON_NAME = AppIcon;
				ASSETCATALOG_COMPILER_GLOBAL_ACCENT_COLOR_NAME = AccentColor;
				CODE_SIGN_IDENTITY = "Apple Development";
				CODE_SIGN_STYLE = Automatic;
				CURRENT_PROJECT_VERSION = 1;
				DEVELOPMENT_TEAM = 6AM96KFAZ4;
				ENABLE_USER_SCRIPT_SANDBOXING = NO;
				GENERATE_INFOPLIST_FILE = YES;
				INFOPLIST_FILE = app/Info.plist;
				INFOPLIST_KEY_UIApplicationSupportsIndirectInputEvents = YES;
				INFOPLIST_KEY_UILaunchStoryboardName = LaunchScreen;
				INFOPLIST_KEY_UIMainStoryboardFile = Main;
				INFOPLIST_KEY_UISupportedInterfaceOrientations_iPad = "UIInterfaceOrientationPortrait UIInterfaceOrientationPortraitUpsideDown UIInterfaceOrientationLandscapeLeft UIInterfaceOrientationLandscapeRight";
				INFOPLIST_KEY_UISupportedInterfaceOrientations_iPhone = "UIInterfaceOrientationPortrait UIInterfaceOrientationLandscapeLeft UIInterfaceOrientationLandscapeRight";
				IPHONEOS_DEPLOYMENT_TARGET = 15.0;
				LD_RUNPATH_SEARCH_PATHS = (
					"$(inherited)",
					"@executable_path/Frameworks",
				);
				MARKETING_VERSION = "$(APP_VERSION)";
				PRODUCT_BUNDLE_IDENTIFIER = "$(APP_BUNDLE_ID)";
				PRODUCT_NAME = "$(APP_NAME)";
				PROVISIONING_PROFILE_SPECIFIER = "";
				SWIFT_EMIT_LOC_STRINGS = YES;
				SWIFT_VERSION = 5.0;
				TARGETED_DEVICE_FAMILY = "1,2";
			};
			name = Debug;
		};
		1C8B10342C4FD59B00DF6C75 /* Release */ = {
			isa = XCBuildConfiguration;
			baseConfigurationReference = 1C8B10562C4FE1E300DF6C75 /* Product.xcconfig */;
			buildSettings = {
				ASSETCATALOG_COMPILER_APPICON_NAME = AppIcon;
				ASSETCATALOG_COMPILER_GLOBAL_ACCENT_COLOR_NAME = AccentColor;
				CODE_SIGN_IDENTITY = "Apple Development";
				CODE_SIGN_STYLE = Automatic;
				CURRENT_PROJECT_VERSION = 1;
				DEVELOPMENT_TEAM = 6AM96KFAZ4;
				ENABLE_USER_SCRIPT_SANDBOXING = NO;
				GENERATE_INFOPLIST_FILE = YES;
				INFOPLIST_FILE = app/Info.plist;
				INFOPLIST_KEY_UIApplicationSupportsIndirectInputEvents = YES;
				INFOPLIST_KEY_UILaunchStoryboardName = LaunchScreen;
				INFOPLIST_KEY_UIMainStoryboardFile = Main;
				INFOPLIST_KEY_UISupportedInterfaceOrientations_iPad = "UIInterfaceOrientationPortrait UIInterfaceOrientationPortraitUpsideDown UIInterfaceOrientationLandscapeLeft UIInterfaceOrientationLandscapeRight";
				INFOPLIST_KEY_UISupportedInterfaceOrientations_iPhone = "UIInterfaceOrientationPortrait UIInterfaceOrientationLandscapeLeft UIInterfaceOrientationLandscapeRight";
				IPHONEOS_DEPLOYMENT_TARGET = 15.0;
				LD_RUNPATH_SEARCH_PATHS = (
					"$(inherited)",
					"@executable_path/Frameworks",
				);
				MARKETING_VERSION = "$(APP_VERSION)";
				PRODUCT_BUNDLE_IDENTIFIER = "$(APP_BUNDLE_ID)";
				PRODUCT_NAME = "$(APP_NAME)";
				PROVISIONING_PROFILE_SPECIFIER = "";
				SWIFT_EMIT_LOC_STRINGS = YES;
				SWIFT_VERSION = 5.0;
				TARGETED_DEVICE_FAMILY = "1,2";
			};
			name = Release;
		};
		1C8B10362C4FD59B00DF6C75 /* Debug */ = {
			isa = XCBuildConfiguration;
			baseConfigurationReference = 1C8B10562C4FE1E300DF6C75 /* Product.xcconfig */;
			buildSettings = {
				ALWAYS_EMBED_SWIFT_STANDARD_LIBRARIES = YES;
				BUNDLE_LOADER = "$(TEST_HOST)";
				CODE_SIGN_STYLE = Automatic;
				CURRENT_PROJECT_VERSION = 1;
				GENERATE_INFOPLIST_FILE = YES;
				IPHONEOS_DEPLOYMENT_TARGET = 17.0;
				MARKETING_VERSION = 1.0;
				PRODUCT_BUNDLE_IDENTIFIER = com.dotn.app.appTests;
				PRODUCT_NAME = "$(TARGET_NAME)";
				SWIFT_EMIT_LOC_STRINGS = NO;
				SWIFT_VERSION = 5.0;
				TARGETED_DEVICE_FAMILY = "1,2";
				TEST_HOST = "$(BUILT_PRODUCTS_DIR)/app.app/$(BUNDLE_EXECUTABLE_FOLDER_PATH)/app";
			};
			name = Debug;
		};
		1C8B10372C4FD59B00DF6C75 /* Release */ = {
			isa = XCBuildConfiguration;
			baseConfigurationReference = 1C8B10562C4FE1E300DF6C75 /* Product.xcconfig */;
			buildSettings = {
				ALWAYS_EMBED_SWIFT_STANDARD_LIBRARIES = YES;
				BUNDLE_LOADER = "$(TEST_HOST)";
				CODE_SIGN_STYLE = Automatic;
				CURRENT_PROJECT_VERSION = 1;
				GENERATE_INFOPLIST_FILE = YES;
				IPHONEOS_DEPLOYMENT_TARGET = 17.0;
				MARKETING_VERSION = 1.0;
				PRODUCT_BUNDLE_IDENTIFIER = com.dotn.app.appTests;
				PRODUCT_NAME = "$(TARGET_NAME)";
				SWIFT_EMIT_LOC_STRINGS = NO;
				SWIFT_VERSION = 5.0;
				TARGETED_DEVICE_FAMILY = "1,2";
				TEST_HOST = "$(BUILT_PRODUCTS_DIR)/app.app/$(BUNDLE_EXECUTABLE_FOLDER_PATH)/app";
			};
			name = Release;
		};
		1C8B10392C4FD59B00DF6C75 /* Debug */ = {
			isa = XCBuildConfiguration;
			baseConfigurationReference = 1C8B10562C4FE1E300DF6C75 /* Product.xcconfig */;
			buildSettings = {
				ALWAYS_EMBED_SWIFT_STANDARD_LIBRARIES = YES;
				CODE_SIGN_STYLE = Automatic;
				CURRENT_PROJECT_VERSION = 1;
				GENERATE_INFOPLIST_FILE = YES;
				MARKETING_VERSION = 1.0;
				PRODUCT_BUNDLE_IDENTIFIER = com.dotn.app.appUITests;
				PRODUCT_NAME = "$(TARGET_NAME)";
				SWIFT_EMIT_LOC_STRINGS = NO;
				SWIFT_VERSION = 5.0;
				TARGETED_DEVICE_FAMILY = "1,2";
				TEST_TARGET_NAME = app;
			};
			name = Debug;
		};
		1C8B103A2C4FD59B00DF6C75 /* Release */ = {
			isa = XCBuildConfiguration;
			baseConfigurationReference = 1C8B10562C4FE1E300DF6C75 /* Product.xcconfig */;
			buildSettings = {
				ALWAYS_EMBED_SWIFT_STANDARD_LIBRARIES = YES;
				CODE_SIGN_STYLE = Automatic;
				CURRENT_PROJECT_VERSION = 1;
				GENERATE_INFOPLIST_FILE = YES;
				MARKETING_VERSION = 1.0;
				PRODUCT_BUNDLE_IDENTIFIER = com.dotn.app.appUITests;
				PRODUCT_NAME = "$(TARGET_NAME)";
				SWIFT_EMIT_LOC_STRINGS = NO;
				SWIFT_VERSION = 5.0;
				TARGETED_DEVICE_FAMILY = "1,2";
				TEST_TARGET_NAME = app;
			};
			name = Release;
		};
		1C8B10432C4FDF7800DF6C75 /* Dev-Debug */ = {
			isa = XCBuildConfiguration;
			baseConfigurationReference = 1C8B10542C4FE14300DF6C75 /* Dev.xcconfig */;
			buildSettings = {
				ALWAYS_SEARCH_USER_PATHS = NO;
				ASSETCATALOG_COMPILER_GENERATE_SWIFT_ASSET_SYMBOL_EXTENSIONS = YES;
				CLANG_ANALYZER_NONNULL = YES;
				CLANG_ANALYZER_NUMBER_OBJECT_CONVERSION = YES_AGGRESSIVE;
				CLANG_CXX_LANGUAGE_STANDARD = "gnu++20";
				CLANG_ENABLE_MODULES = YES;
				CLANG_ENABLE_OBJC_ARC = YES;
				CLANG_ENABLE_OBJC_WEAK = YES;
				CLANG_WARN_BLOCK_CAPTURE_AUTORELEASING = YES;
				CLANG_WARN_BOOL_CONVERSION = YES;
				CLANG_WARN_COMMA = YES;
				CLANG_WARN_CONSTANT_CONVERSION = YES;
				CLANG_WARN_DEPRECATED_OBJC_IMPLEMENTATIONS = YES;
				CLANG_WARN_DIRECT_OBJC_ISA_USAGE = YES_ERROR;
				CLANG_WARN_DOCUMENTATION_COMMENTS = YES;
				CLANG_WARN_EMPTY_BODY = YES;
				CLANG_WARN_ENUM_CONVERSION = YES;
				CLANG_WARN_INFINITE_RECURSION = YES;
				CLANG_WARN_INT_CONVERSION = YES;
				CLANG_WARN_NON_LITERAL_NULL_CONVERSION = YES;
				CLANG_WARN_OBJC_IMPLICIT_RETAIN_SELF = YES;
				CLANG_WARN_OBJC_LITERAL_CONVERSION = YES;
				CLANG_WARN_OBJC_ROOT_CLASS = YES_ERROR;
				CLANG_WARN_QUOTED_INCLUDE_IN_FRAMEWORK_HEADER = YES;
				CLANG_WARN_RANGE_LOOP_ANALYSIS = YES;
				CLANG_WARN_STRICT_PROTOTYPES = YES;
				CLANG_WARN_SUSPICIOUS_MOVE = YES;
				CLANG_WARN_UNGUARDED_AVAILABILITY = YES_AGGRESSIVE;
				CLANG_WARN_UNREACHABLE_CODE = YES;
				CLANG_WARN__DUPLICATE_METHOD_MATCH = YES;
				COPY_PHASE_STRIP = NO;
				DEBUG_INFORMATION_FORMAT = dwarf;
				ENABLE_STRICT_OBJC_MSGSEND = YES;
				ENABLE_TESTABILITY = YES;
				ENABLE_USER_SCRIPT_SANDBOXING = YES;
				GCC_C_LANGUAGE_STANDARD = gnu17;
				GCC_DYNAMIC_NO_PIC = NO;
				GCC_NO_COMMON_BLOCKS = YES;
				GCC_OPTIMIZATION_LEVEL = 0;
				GCC_PREPROCESSOR_DEFINITIONS = (
					"DEBUG=1",
					"$(inherited)",
				);
				GCC_WARN_64_TO_32_BIT_CONVERSION = YES;
				GCC_WARN_ABOUT_RETURN_TYPE = YES_ERROR;
				GCC_WARN_UNDECLARED_SELECTOR = YES;
				GCC_WARN_UNINITIALIZED_AUTOS = YES_AGGRESSIVE;
				GCC_WARN_UNUSED_FUNCTION = YES;
				GCC_WARN_UNUSED_VARIABLE = YES;
				IPHONEOS_DEPLOYMENT_TARGET = 17.0;
				LOCALIZATION_PREFERS_STRING_CATALOGS = YES;
				MTL_ENABLE_DEBUG_INFO = INCLUDE_SOURCE;
				MTL_FAST_MATH = YES;
				ONLY_ACTIVE_ARCH = YES;
				SDKROOT = iphoneos;
				SWIFT_ACTIVE_COMPILATION_CONDITIONS = "DEBUG $(inherited)";
				SWIFT_OPTIMIZATION_LEVEL = "-Onone";
			};
			name = "Dev-Debug";
		};
		1C8B10442C4FDF7800DF6C75 /* Dev-Debug */ = {
			isa = XCBuildConfiguration;
			baseConfigurationReference = 1C8B10542C4FE14300DF6C75 /* Dev.xcconfig */;
			buildSettings = {
				ASSETCATALOG_COMPILER_APPICON_NAME = AppIcon;
				ASSETCATALOG_COMPILER_GLOBAL_ACCENT_COLOR_NAME = AccentColor;
				CODE_SIGN_IDENTITY = "Apple Development";
				CODE_SIGN_STYLE = Automatic;
				CURRENT_PROJECT_VERSION = 1;
				DEVELOPMENT_TEAM = 6AM96KFAZ4;
				ENABLE_USER_SCRIPT_SANDBOXING = NO;
				GENERATE_INFOPLIST_FILE = YES;
				INFOPLIST_FILE = app/Info.plist;
				INFOPLIST_KEY_UIApplicationSupportsIndirectInputEvents = YES;
				INFOPLIST_KEY_UILaunchStoryboardName = LaunchScreen;
				INFOPLIST_KEY_UIMainStoryboardFile = Main;
				INFOPLIST_KEY_UISupportedInterfaceOrientations_iPad = "UIInterfaceOrientationPortrait UIInterfaceOrientationPortraitUpsideDown UIInterfaceOrientationLandscapeLeft UIInterfaceOrientationLandscapeRight";
				INFOPLIST_KEY_UISupportedInterfaceOrientations_iPhone = "UIInterfaceOrientationPortrait UIInterfaceOrientationLandscapeLeft UIInterfaceOrientationLandscapeRight";
				IPHONEOS_DEPLOYMENT_TARGET = 15.0;
				LD_RUNPATH_SEARCH_PATHS = (
					"$(inherited)",
					"@executable_path/Frameworks",
				);
				MARKETING_VERSION = "$(APP_VERSION)";
				PRODUCT_BUNDLE_IDENTIFIER = "$(APP_BUNDLE_ID)";
				PRODUCT_NAME = "$(APP_NAME)";
				PROVISIONING_PROFILE_SPECIFIER = "";
				SWIFT_EMIT_LOC_STRINGS = YES;
				SWIFT_VERSION = 5.0;
				TARGETED_DEVICE_FAMILY = "1,2";
			};
			name = "Dev-Debug";
		};
		1C8B10452C4FDF7800DF6C75 /* Dev-Debug */ = {
			isa = XCBuildConfiguration;
			baseConfigurationReference = 1C8B10542C4FE14300DF6C75 /* Dev.xcconfig */;
			buildSettings = {
				ALWAYS_EMBED_SWIFT_STANDARD_LIBRARIES = YES;
				BUNDLE_LOADER = "$(TEST_HOST)";
				CODE_SIGN_STYLE = Automatic;
				CURRENT_PROJECT_VERSION = 1;
				GENERATE_INFOPLIST_FILE = YES;
				IPHONEOS_DEPLOYMENT_TARGET = 17.0;
				MARKETING_VERSION = 1.0;
				PRODUCT_BUNDLE_IDENTIFIER = com.dotn.app.appTests;
				PRODUCT_NAME = "$(TARGET_NAME)";
				SWIFT_EMIT_LOC_STRINGS = NO;
				SWIFT_VERSION = 5.0;
				TARGETED_DEVICE_FAMILY = "1,2";
				TEST_HOST = "$(BUILT_PRODUCTS_DIR)/app.app/$(BUNDLE_EXECUTABLE_FOLDER_PATH)/app";
			};
			name = "Dev-Debug";
		};
		1C8B10462C4FDF7800DF6C75 /* Dev-Debug */ = {
			isa = XCBuildConfiguration;
			baseConfigurationReference = 1C8B10542C4FE14300DF6C75 /* Dev.xcconfig */;
			buildSettings = {
				ALWAYS_EMBED_SWIFT_STANDARD_LIBRARIES = YES;
				CODE_SIGN_STYLE = Automatic;
				CURRENT_PROJECT_VERSION = 1;
				GENERATE_INFOPLIST_FILE = YES;
				MARKETING_VERSION = 1.0;
				PRODUCT_BUNDLE_IDENTIFIER = com.dotn.app.appUITests;
				PRODUCT_NAME = "$(TARGET_NAME)";
				SWIFT_EMIT_LOC_STRINGS = NO;
				SWIFT_VERSION = 5.0;
				TARGETED_DEVICE_FAMILY = "1,2";
				TEST_TARGET_NAME = app;
			};
			name = "Dev-Debug";
		};
		1C8B10472C4FDFB200DF6C75 /* Stg-Release */ = {
			isa = XCBuildConfiguration;
			baseConfigurationReference = 1C8B10552C4FE1BF00DF6C75 /* Staging.xcconfig */;
			buildSettings = {
				ALWAYS_SEARCH_USER_PATHS = NO;
				ASSETCATALOG_COMPILER_GENERATE_SWIFT_ASSET_SYMBOL_EXTENSIONS = YES;
				CLANG_ANALYZER_NONNULL = YES;
				CLANG_ANALYZER_NUMBER_OBJECT_CONVERSION = YES_AGGRESSIVE;
				CLANG_CXX_LANGUAGE_STANDARD = "gnu++20";
				CLANG_ENABLE_MODULES = YES;
				CLANG_ENABLE_OBJC_ARC = YES;
				CLANG_ENABLE_OBJC_WEAK = YES;
				CLANG_WARN_BLOCK_CAPTURE_AUTORELEASING = YES;
				CLANG_WARN_BOOL_CONVERSION = YES;
				CLANG_WARN_COMMA = YES;
				CLANG_WARN_CONSTANT_CONVERSION = YES;
				CLANG_WARN_DEPRECATED_OBJC_IMPLEMENTATIONS = YES;
				CLANG_WARN_DIRECT_OBJC_ISA_USAGE = YES_ERROR;
				CLANG_WARN_DOCUMENTATION_COMMENTS = YES;
				CLANG_WARN_EMPTY_BODY = YES;
				CLANG_WARN_ENUM_CONVERSION = YES;
				CLANG_WARN_INFINITE_RECURSION = YES;
				CLANG_WARN_INT_CONVERSION = YES;
				CLANG_WARN_NON_LITERAL_NULL_CONVERSION = YES;
				CLANG_WARN_OBJC_IMPLICIT_RETAIN_SELF = YES;
				CLANG_WARN_OBJC_LITERAL_CONVERSION = YES;
				CLANG_WARN_OBJC_ROOT_CLASS = YES_ERROR;
				CLANG_WARN_QUOTED_INCLUDE_IN_FRAMEWORK_HEADER = YES;
				CLANG_WARN_RANGE_LOOP_ANALYSIS = YES;
				CLANG_WARN_STRICT_PROTOTYPES = YES;
				CLANG_WARN_SUSPICIOUS_MOVE = YES;
				CLANG_WARN_UNGUARDED_AVAILABILITY = YES_AGGRESSIVE;
				CLANG_WARN_UNREACHABLE_CODE = YES;
				CLANG_WARN__DUPLICATE_METHOD_MATCH = YES;
				COPY_PHASE_STRIP = NO;
				DEBUG_INFORMATION_FORMAT = "dwarf-with-dsym";
				ENABLE_NS_ASSERTIONS = NO;
				ENABLE_STRICT_OBJC_MSGSEND = YES;
				ENABLE_USER_SCRIPT_SANDBOXING = YES;
				GCC_C_LANGUAGE_STANDARD = gnu17;
				GCC_NO_COMMON_BLOCKS = YES;
				GCC_WARN_64_TO_32_BIT_CONVERSION = YES;
				GCC_WARN_ABOUT_RETURN_TYPE = YES_ERROR;
				GCC_WARN_UNDECLARED_SELECTOR = YES;
				GCC_WARN_UNINITIALIZED_AUTOS = YES_AGGRESSIVE;
				GCC_WARN_UNUSED_FUNCTION = YES;
				GCC_WARN_UNUSED_VARIABLE = YES;
				IPHONEOS_DEPLOYMENT_TARGET = 17.0;
				LOCALIZATION_PREFERS_STRING_CATALOGS = YES;
				MTL_ENABLE_DEBUG_INFO = NO;
				MTL_FAST_MATH = YES;
				SDKROOT = iphoneos;
				SWIFT_COMPILATION_MODE = wholemodule;
				VALIDATE_PRODUCT = YES;
			};
			name = "Stg-Release";
		};
		1C8B10482C4FDFB200DF6C75 /* Stg-Release */ = {
			isa = XCBuildConfiguration;
			baseConfigurationReference = 1C8B10552C4FE1BF00DF6C75 /* Staging.xcconfig */;
			buildSettings = {
				ASSETCATALOG_COMPILER_APPICON_NAME = AppIcon;
				ASSETCATALOG_COMPILER_GLOBAL_ACCENT_COLOR_NAME = AccentColor;
				CODE_SIGN_IDENTITY = "Apple Development";
				CODE_SIGN_STYLE = Automatic;
				CURRENT_PROJECT_VERSION = 1;
				DEVELOPMENT_TEAM = 6AM96KFAZ4;
				ENABLE_USER_SCRIPT_SANDBOXING = NO;
				GENERATE_INFOPLIST_FILE = YES;
				INFOPLIST_FILE = app/Info.plist;
				INFOPLIST_KEY_UIApplicationSupportsIndirectInputEvents = YES;
				INFOPLIST_KEY_UILaunchStoryboardName = LaunchScreen;
				INFOPLIST_KEY_UIMainStoryboardFile = Main;
				INFOPLIST_KEY_UISupportedInterfaceOrientations_iPad = "UIInterfaceOrientationPortrait UIInterfaceOrientationPortraitUpsideDown UIInterfaceOrientationLandscapeLeft UIInterfaceOrientationLandscapeRight";
				INFOPLIST_KEY_UISupportedInterfaceOrientations_iPhone = "UIInterfaceOrientationPortrait UIInterfaceOrientationLandscapeLeft UIInterfaceOrientationLandscapeRight";
				IPHONEOS_DEPLOYMENT_TARGET = 15.0;
				LD_RUNPATH_SEARCH_PATHS = (
					"$(inherited)",
					"@executable_path/Frameworks",
				);
				MARKETING_VERSION = "$(APP_VERSION)";
				PRODUCT_BUNDLE_IDENTIFIER = "$(APP_BUNDLE_ID)";
				PRODUCT_NAME = "$(APP_NAME)";
				PROVISIONING_PROFILE_SPECIFIER = "";
				SWIFT_EMIT_LOC_STRINGS = YES;
				SWIFT_VERSION = 5.0;
				TARGETED_DEVICE_FAMILY = "1,2";
			};
			name = "Stg-Release";
		};
		1C8B10492C4FDFB200DF6C75 /* Stg-Release */ = {
			isa = XCBuildConfiguration;
			baseConfigurationReference = 1C8B10552C4FE1BF00DF6C75 /* Staging.xcconfig */;
			buildSettings = {
				ALWAYS_EMBED_SWIFT_STANDARD_LIBRARIES = YES;
				BUNDLE_LOADER = "$(TEST_HOST)";
				CODE_SIGN_STYLE = Automatic;
				CURRENT_PROJECT_VERSION = 1;
				GENERATE_INFOPLIST_FILE = YES;
				IPHONEOS_DEPLOYMENT_TARGET = 17.0;
				MARKETING_VERSION = 1.0;
				PRODUCT_BUNDLE_IDENTIFIER = com.dotn.app.appTests;
				PRODUCT_NAME = "$(TARGET_NAME)";
				SWIFT_EMIT_LOC_STRINGS = NO;
				SWIFT_VERSION = 5.0;
				TARGETED_DEVICE_FAMILY = "1,2";
				TEST_HOST = "$(BUILT_PRODUCTS_DIR)/app.app/$(BUNDLE_EXECUTABLE_FOLDER_PATH)/app";
			};
			name = "Stg-Release";
		};
		1C8B104A2C4FDFB200DF6C75 /* Stg-Release */ = {
			isa = XCBuildConfiguration;
			baseConfigurationReference = 1C8B10552C4FE1BF00DF6C75 /* Staging.xcconfig */;
			buildSettings = {
				ALWAYS_EMBED_SWIFT_STANDARD_LIBRARIES = YES;
				CODE_SIGN_STYLE = Automatic;
				CURRENT_PROJECT_VERSION = 1;
				GENERATE_INFOPLIST_FILE = YES;
				MARKETING_VERSION = 1.0;
				PRODUCT_BUNDLE_IDENTIFIER = com.dotn.app.appUITests;
				PRODUCT_NAME = "$(TARGET_NAME)";
				SWIFT_EMIT_LOC_STRINGS = NO;
				SWIFT_VERSION = 5.0;
				TARGETED_DEVICE_FAMILY = "1,2";
				TEST_TARGET_NAME = app;
			};
			name = "Stg-Release";
		};
		1C8B104B2C4FDFF400DF6C75 /* Dev-Release */ = {
			isa = XCBuildConfiguration;
			baseConfigurationReference = 1C8B10542C4FE14300DF6C75 /* Dev.xcconfig */;
			buildSettings = {
				ALWAYS_SEARCH_USER_PATHS = NO;
				ASSETCATALOG_COMPILER_GENERATE_SWIFT_ASSET_SYMBOL_EXTENSIONS = YES;
				CLANG_ANALYZER_NONNULL = YES;
				CLANG_ANALYZER_NUMBER_OBJECT_CONVERSION = YES_AGGRESSIVE;
				CLANG_CXX_LANGUAGE_STANDARD = "gnu++20";
				CLANG_ENABLE_MODULES = YES;
				CLANG_ENABLE_OBJC_ARC = YES;
				CLANG_ENABLE_OBJC_WEAK = YES;
				CLANG_WARN_BLOCK_CAPTURE_AUTORELEASING = YES;
				CLANG_WARN_BOOL_CONVERSION = YES;
				CLANG_WARN_COMMA = YES;
				CLANG_WARN_CONSTANT_CONVERSION = YES;
				CLANG_WARN_DEPRECATED_OBJC_IMPLEMENTATIONS = YES;
				CLANG_WARN_DIRECT_OBJC_ISA_USAGE = YES_ERROR;
				CLANG_WARN_DOCUMENTATION_COMMENTS = YES;
				CLANG_WARN_EMPTY_BODY = YES;
				CLANG_WARN_ENUM_CONVERSION = YES;
				CLANG_WARN_INFINITE_RECURSION = YES;
				CLANG_WARN_INT_CONVERSION = YES;
				CLANG_WARN_NON_LITERAL_NULL_CONVERSION = YES;
				CLANG_WARN_OBJC_IMPLICIT_RETAIN_SELF = YES;
				CLANG_WARN_OBJC_LITERAL_CONVERSION = YES;
				CLANG_WARN_OBJC_ROOT_CLASS = YES_ERROR;
				CLANG_WARN_QUOTED_INCLUDE_IN_FRAMEWORK_HEADER = YES;
				CLANG_WARN_RANGE_LOOP_ANALYSIS = YES;
				CLANG_WARN_STRICT_PROTOTYPES = YES;
				CLANG_WARN_SUSPICIOUS_MOVE = YES;
				CLANG_WARN_UNGUARDED_AVAILABILITY = YES_AGGRESSIVE;
				CLANG_WARN_UNREACHABLE_CODE = YES;
				CLANG_WARN__DUPLICATE_METHOD_MATCH = YES;
				COPY_PHASE_STRIP = NO;
				DEBUG_INFORMATION_FORMAT = "dwarf-with-dsym";
				ENABLE_NS_ASSERTIONS = NO;
				ENABLE_STRICT_OBJC_MSGSEND = YES;
				ENABLE_USER_SCRIPT_SANDBOXING = YES;
				GCC_C_LANGUAGE_STANDARD = gnu17;
				GCC_NO_COMMON_BLOCKS = YES;
				GCC_WARN_64_TO_32_BIT_CONVERSION = YES;
				GCC_WARN_ABOUT_RETURN_TYPE = YES_ERROR;
				GCC_WARN_UNDECLARED_SELECTOR = YES;
				GCC_WARN_UNINITIALIZED_AUTOS = YES_AGGRESSIVE;
				GCC_WARN_UNUSED_FUNCTION = YES;
				GCC_WARN_UNUSED_VARIABLE = YES;
				IPHONEOS_DEPLOYMENT_TARGET = 17.0;
				LOCALIZATION_PREFERS_STRING_CATALOGS = YES;
				MTL_ENABLE_DEBUG_INFO = NO;
				MTL_FAST_MATH = YES;
				SDKROOT = iphoneos;
				SWIFT_COMPILATION_MODE = wholemodule;
				VALIDATE_PRODUCT = YES;
			};
			name = "Dev-Release";
		};
		1C8B104C2C4FDFF400DF6C75 /* Dev-Release */ = {
			isa = XCBuildConfiguration;
			baseConfigurationReference = 1C8B10542C4FE14300DF6C75 /* Dev.xcconfig */;
			buildSettings = {
				ASSETCATALOG_COMPILER_APPICON_NAME = AppIcon;
				ASSETCATALOG_COMPILER_GLOBAL_ACCENT_COLOR_NAME = AccentColor;
				CODE_SIGN_IDENTITY = "Apple Development";
				CODE_SIGN_STYLE = Automatic;
				CURRENT_PROJECT_VERSION = 1;
				DEVELOPMENT_TEAM = 6AM96KFAZ4;
				ENABLE_USER_SCRIPT_SANDBOXING = NO;
				GENERATE_INFOPLIST_FILE = YES;
				INFOPLIST_FILE = app/Info.plist;
				INFOPLIST_KEY_UIApplicationSupportsIndirectInputEvents = YES;
				INFOPLIST_KEY_UILaunchStoryboardName = LaunchScreen;
				INFOPLIST_KEY_UIMainStoryboardFile = Main;
				INFOPLIST_KEY_UISupportedInterfaceOrientations_iPad = "UIInterfaceOrientationPortrait UIInterfaceOrientationPortraitUpsideDown UIInterfaceOrientationLandscapeLeft UIInterfaceOrientationLandscapeRight";
				INFOPLIST_KEY_UISupportedInterfaceOrientations_iPhone = "UIInterfaceOrientationPortrait UIInterfaceOrientationLandscapeLeft UIInterfaceOrientationLandscapeRight";
				IPHONEOS_DEPLOYMENT_TARGET = 15.0;
				LD_RUNPATH_SEARCH_PATHS = (
					"$(inherited)",
					"@executable_path/Frameworks",
				);
				MARKETING_VERSION = "$(APP_VERSION)";
				PRODUCT_BUNDLE_IDENTIFIER = "$(APP_BUNDLE_ID)";
				PRODUCT_NAME = "$(APP_NAME)";
				PROVISIONING_PROFILE_SPECIFIER = "";
				SWIFT_EMIT_LOC_STRINGS = YES;
				SWIFT_VERSION = 5.0;
				TARGETED_DEVICE_FAMILY = "1,2";
			};
			name = "Dev-Release";
		};
		1C8B104D2C4FDFF400DF6C75 /* Dev-Release */ = {
			isa = XCBuildConfiguration;
			baseConfigurationReference = 1C8B10542C4FE14300DF6C75 /* Dev.xcconfig */;
			buildSettings = {
				ALWAYS_EMBED_SWIFT_STANDARD_LIBRARIES = YES;
				BUNDLE_LOADER = "$(TEST_HOST)";
				CODE_SIGN_STYLE = Automatic;
				CURRENT_PROJECT_VERSION = 1;
				GENERATE_INFOPLIST_FILE = YES;
				IPHONEOS_DEPLOYMENT_TARGET = 17.0;
				MARKETING_VERSION = 1.0;
				PRODUCT_BUNDLE_IDENTIFIER = com.dotn.app.appTests;
				PRODUCT_NAME = "$(TARGET_NAME)";
				SWIFT_EMIT_LOC_STRINGS = NO;
				SWIFT_VERSION = 5.0;
				TARGETED_DEVICE_FAMILY = "1,2";
				TEST_HOST = "$(BUILT_PRODUCTS_DIR)/app.app/$(BUNDLE_EXECUTABLE_FOLDER_PATH)/app";
			};
			name = "Dev-Release";
		};
		1C8B104E2C4FDFF400DF6C75 /* Dev-Release */ = {
			isa = XCBuildConfiguration;
			baseConfigurationReference = 1C8B10542C4FE14300DF6C75 /* Dev.xcconfig */;
			buildSettings = {
				ALWAYS_EMBED_SWIFT_STANDARD_LIBRARIES = YES;
				CODE_SIGN_STYLE = Automatic;
				CURRENT_PROJECT_VERSION = 1;
				GENERATE_INFOPLIST_FILE = YES;
				MARKETING_VERSION = 1.0;
				PRODUCT_BUNDLE_IDENTIFIER = com.dotn.app.appUITests;
				PRODUCT_NAME = "$(TARGET_NAME)";
				SWIFT_EMIT_LOC_STRINGS = NO;
				SWIFT_VERSION = 5.0;
				TARGETED_DEVICE_FAMILY = "1,2";
				TEST_TARGET_NAME = app;
			};
			name = "Dev-Release";
		};
		1C8B104F2C4FE02200DF6C75 /* Stg-Debug */ = {
			isa = XCBuildConfiguration;
			baseConfigurationReference = 1C8B10552C4FE1BF00DF6C75 /* Staging.xcconfig */;
			buildSettings = {
				ALWAYS_SEARCH_USER_PATHS = NO;
				ASSETCATALOG_COMPILER_GENERATE_SWIFT_ASSET_SYMBOL_EXTENSIONS = YES;
				CLANG_ANALYZER_NONNULL = YES;
				CLANG_ANALYZER_NUMBER_OBJECT_CONVERSION = YES_AGGRESSIVE;
				CLANG_CXX_LANGUAGE_STANDARD = "gnu++20";
				CLANG_ENABLE_MODULES = YES;
				CLANG_ENABLE_OBJC_ARC = YES;
				CLANG_ENABLE_OBJC_WEAK = YES;
				CLANG_WARN_BLOCK_CAPTURE_AUTORELEASING = YES;
				CLANG_WARN_BOOL_CONVERSION = YES;
				CLANG_WARN_COMMA = YES;
				CLANG_WARN_CONSTANT_CONVERSION = YES;
				CLANG_WARN_DEPRECATED_OBJC_IMPLEMENTATIONS = YES;
				CLANG_WARN_DIRECT_OBJC_ISA_USAGE = YES_ERROR;
				CLANG_WARN_DOCUMENTATION_COMMENTS = YES;
				CLANG_WARN_EMPTY_BODY = YES;
				CLANG_WARN_ENUM_CONVERSION = YES;
				CLANG_WARN_INFINITE_RECURSION = YES;
				CLANG_WARN_INT_CONVERSION = YES;
				CLANG_WARN_NON_LITERAL_NULL_CONVERSION = YES;
				CLANG_WARN_OBJC_IMPLICIT_RETAIN_SELF = YES;
				CLANG_WARN_OBJC_LITERAL_CONVERSION = YES;
				CLANG_WARN_OBJC_ROOT_CLASS = YES_ERROR;
				CLANG_WARN_QUOTED_INCLUDE_IN_FRAMEWORK_HEADER = YES;
				CLANG_WARN_RANGE_LOOP_ANALYSIS = YES;
				CLANG_WARN_STRICT_PROTOTYPES = YES;
				CLANG_WARN_SUSPICIOUS_MOVE = YES;
				CLANG_WARN_UNGUARDED_AVAILABILITY = YES_AGGRESSIVE;
				CLANG_WARN_UNREACHABLE_CODE = YES;
				CLANG_WARN__DUPLICATE_METHOD_MATCH = YES;
				COPY_PHASE_STRIP = NO;
				DEBUG_INFORMATION_FORMAT = dwarf;
				ENABLE_STRICT_OBJC_MSGSEND = YES;
				ENABLE_TESTABILITY = YES;
				ENABLE_USER_SCRIPT_SANDBOXING = YES;
				GCC_C_LANGUAGE_STANDARD = gnu17;
				GCC_DYNAMIC_NO_PIC = NO;
				GCC_NO_COMMON_BLOCKS = YES;
				GCC_OPTIMIZATION_LEVEL = 0;
				GCC_PREPROCESSOR_DEFINITIONS = (
					"DEBUG=1",
					"$(inherited)",
				);
				GCC_WARN_64_TO_32_BIT_CONVERSION = YES;
				GCC_WARN_ABOUT_RETURN_TYPE = YES_ERROR;
				GCC_WARN_UNDECLARED_SELECTOR = YES;
				GCC_WARN_UNINITIALIZED_AUTOS = YES_AGGRESSIVE;
				GCC_WARN_UNUSED_FUNCTION = YES;
				GCC_WARN_UNUSED_VARIABLE = YES;
				IPHONEOS_DEPLOYMENT_TARGET = 17.0;
				LOCALIZATION_PREFERS_STRING_CATALOGS = YES;
				MTL_ENABLE_DEBUG_INFO = INCLUDE_SOURCE;
				MTL_FAST_MATH = YES;
				ONLY_ACTIVE_ARCH = YES;
				SDKROOT = iphoneos;
				SWIFT_ACTIVE_COMPILATION_CONDITIONS = "DEBUG $(inherited)";
				SWIFT_OPTIMIZATION_LEVEL = "-Onone";
			};
			name = "Stg-Debug";
		};
		1C8B10502C4FE02200DF6C75 /* Stg-Debug */ = {
			isa = XCBuildConfiguration;
			baseConfigurationReference = 1C8B10552C4FE1BF00DF6C75 /* Staging.xcconfig */;
			buildSettings = {
				ASSETCATALOG_COMPILER_APPICON_NAME = AppIcon;
				ASSETCATALOG_COMPILER_GLOBAL_ACCENT_COLOR_NAME = AccentColor;
				CODE_SIGN_IDENTITY = "Apple Development";
				CODE_SIGN_STYLE = Automatic;
				CURRENT_PROJECT_VERSION = 1;
				DEVELOPMENT_TEAM = 6AM96KFAZ4;
				ENABLE_USER_SCRIPT_SANDBOXING = NO;
				GENERATE_INFOPLIST_FILE = YES;
				INFOPLIST_FILE = app/Info.plist;
				INFOPLIST_KEY_UIApplicationSupportsIndirectInputEvents = YES;
				INFOPLIST_KEY_UILaunchStoryboardName = LaunchScreen;
				INFOPLIST_KEY_UIMainStoryboardFile = Main;
				INFOPLIST_KEY_UISupportedInterfaceOrientations_iPad = "UIInterfaceOrientationPortrait UIInterfaceOrientationPortraitUpsideDown UIInterfaceOrientationLandscapeLeft UIInterfaceOrientationLandscapeRight";
				INFOPLIST_KEY_UISupportedInterfaceOrientations_iPhone = "UIInterfaceOrientationPortrait UIInterfaceOrientationLandscapeLeft UIInterfaceOrientationLandscapeRight";
				IPHONEOS_DEPLOYMENT_TARGET = 15.0;
				LD_RUNPATH_SEARCH_PATHS = (
					"$(inherited)",
					"@executable_path/Frameworks",
				);
				MARKETING_VERSION = "$(APP_VERSION)";
				PRODUCT_BUNDLE_IDENTIFIER = "$(APP_BUNDLE_ID)";
				PRODUCT_NAME = "$(APP_NAME)";
				PROVISIONING_PROFILE_SPECIFIER = "";
				SWIFT_EMIT_LOC_STRINGS = YES;
				SWIFT_VERSION = 5.0;
				TARGETED_DEVICE_FAMILY = "1,2";
			};
			name = "Stg-Debug";
		};
		1C8B10512C4FE02200DF6C75 /* Stg-Debug */ = {
			isa = XCBuildConfiguration;
			baseConfigurationReference = 1C8B10552C4FE1BF00DF6C75 /* Staging.xcconfig */;
			buildSettings = {
				ALWAYS_EMBED_SWIFT_STANDARD_LIBRARIES = YES;
				BUNDLE_LOADER = "$(TEST_HOST)";
				CODE_SIGN_STYLE = Automatic;
				CURRENT_PROJECT_VERSION = 1;
				GENERATE_INFOPLIST_FILE = YES;
				IPHONEOS_DEPLOYMENT_TARGET = 17.0;
				MARKETING_VERSION = 1.0;
				PRODUCT_BUNDLE_IDENTIFIER = com.dotn.app.appTests;
				PRODUCT_NAME = "$(TARGET_NAME)";
				SWIFT_EMIT_LOC_STRINGS = NO;
				SWIFT_VERSION = 5.0;
				TARGETED_DEVICE_FAMILY = "1,2";
				TEST_HOST = "$(BUILT_PRODUCTS_DIR)/app.app/$(BUNDLE_EXECUTABLE_FOLDER_PATH)/app";
			};
			name = "Stg-Debug";
		};
		1C8B10522C4FE02200DF6C75 /* Stg-Debug */ = {
			isa = XCBuildConfiguration;
			baseConfigurationReference = 1C8B10552C4FE1BF00DF6C75 /* Staging.xcconfig */;
			buildSettings = {
				ALWAYS_EMBED_SWIFT_STANDARD_LIBRARIES = YES;
				CODE_SIGN_STYLE = Automatic;
				CURRENT_PROJECT_VERSION = 1;
				GENERATE_INFOPLIST_FILE = YES;
				MARKETING_VERSION = 1.0;
				PRODUCT_BUNDLE_IDENTIFIER = com.dotn.app.appUITests;
				PRODUCT_NAME = "$(TARGET_NAME)";
				SWIFT_EMIT_LOC_STRINGS = NO;
				SWIFT_VERSION = 5.0;
				TARGETED_DEVICE_FAMILY = "1,2";
				TEST_TARGET_NAME = app;
			};
			name = "Stg-Debug";
		};
/* End XCBuildConfiguration section */

/* Begin XCConfigurationList section */
		1C8B10032C4FD59900DF6C75 /* Build configuration list for PBXProject "app" */ = {
			isa = XCConfigurationList;
			buildConfigurations = (
				1C8B10302C4FD59B00DF6C75 /* Debug */,
				1C8B104F2C4FE02200DF6C75 /* Stg-Debug */,
				1C8B10432C4FDF7800DF6C75 /* Dev-Debug */,
				1C8B10312C4FD59B00DF6C75 /* Release */,
				1C8B104B2C4FDFF400DF6C75 /* Dev-Release */,
				1C8B10472C4FDFB200DF6C75 /* Stg-Release */,
			);
			defaultConfigurationIsVisible = 0;
			defaultConfigurationName = Release;
		};
		1C8B10322C4FD59B00DF6C75 /* Build configuration list for PBXNativeTarget "app" */ = {
			isa = XCConfigurationList;
			buildConfigurations = (
				1C8B10332C4FD59B00DF6C75 /* Debug */,
				1C8B10502C4FE02200DF6C75 /* Stg-Debug */,
				1C8B10442C4FDF7800DF6C75 /* Dev-Debug */,
				1C8B10342C4FD59B00DF6C75 /* Release */,
				1C8B104C2C4FDFF400DF6C75 /* Dev-Release */,
				1C8B10482C4FDFB200DF6C75 /* Stg-Release */,
			);
			defaultConfigurationIsVisible = 0;
			defaultConfigurationName = Release;
		};
		1C8B10352C4FD59B00DF6C75 /* Build configuration list for PBXNativeTarget "appTests" */ = {
			isa = XCConfigurationList;
			buildConfigurations = (
				1C8B10362C4FD59B00DF6C75 /* Debug */,
				1C8B10512C4FE02200DF6C75 /* Stg-Debug */,
				1C8B10452C4FDF7800DF6C75 /* Dev-Debug */,
				1C8B10372C4FD59B00DF6C75 /* Release */,
				1C8B104D2C4FDFF400DF6C75 /* Dev-Release */,
				1C8B10492C4FDFB200DF6C75 /* Stg-Release */,
			);
			defaultConfigurationIsVisible = 0;
			defaultConfigurationName = Release;
		};
		1C8B10382C4FD59B00DF6C75 /* Build configuration list for PBXNativeTarget "appUITests" */ = {
			isa = XCConfigurationList;
			buildConfigurations = (
				1C8B10392C4FD59B00DF6C75 /* Debug */,
				1C8B10522C4FE02200DF6C75 /* Stg-Debug */,
				1C8B10462C4FDF7800DF6C75 /* Dev-Debug */,
				1C8B103A2C4FD59B00DF6C75 /* Release */,
				1C8B104E2C4FDFF400DF6C75 /* Dev-Release */,
				1C8B104A2C4FDFB200DF6C75 /* Stg-Release */,
			);
			defaultConfigurationIsVisible = 0;
			defaultConfigurationName = Release;
		};
/* End XCConfigurationList section */
	};
	rootObject = 1C8B10002C4FD59900DF6C75 /* Project object */;
}
